// !$*UTF8*$!
{
	archiveVersion = 1;
	classes = {
	};
	objectVersion = 50;
	objects = {

/* Begin PBXBuildFile section */
		475BD049745679C7A0088514 /* Pods_CornerDemo.framework in Frameworks */ = {isa = PBXBuildFile; fileRef = 02E3D17990703FFF490AF024 /* Pods_CornerDemo.framework */; };
		4D77714D2146BF9300B9C26F /* PanelCollectionView.swift in Sources */ = {isa = PBXBuildFile; fileRef = 4D77714C2146BF9300B9C26F /* PanelCollectionView.swift */; };
		4D80055F2143BE14002044E5 /* ToolbarView.swift in Sources */ = {isa = PBXBuildFile; fileRef = 4D80055E2143BE14002044E5 /* ToolbarView.swift */; };
		4D8005612143BE49002044E5 /* ToolbarView.xib in Resources */ = {isa = PBXBuildFile; fileRef = 4D8005602143BE49002044E5 /* ToolbarView.xib */; };
		4D8005692143D813002044E5 /* Extensions.swift in Sources */ = {isa = PBXBuildFile; fileRef = 4D8005682143D813002044E5 /* Extensions.swift */; };
		4D83F59421414D380036FE28 /* AppDelegate.swift in Sources */ = {isa = PBXBuildFile; fileRef = 4D83F59321414D380036FE28 /* AppDelegate.swift */; };
		4D83F59621414D380036FE28 /* ViewController.swift in Sources */ = {isa = PBXBuildFile; fileRef = 4D83F59521414D380036FE28 /* ViewController.swift */; };
		4D83F59921414D380036FE28 /* Main.storyboard in Resources */ = {isa = PBXBuildFile; fileRef = 4D83F59721414D380036FE28 /* Main.storyboard */; };
		4D83F59B21414D3A0036FE28 /* Assets.xcassets in Resources */ = {isa = PBXBuildFile; fileRef = 4D83F59A21414D3A0036FE28 /* Assets.xcassets */; };
		4D83F59E21414D3A0036FE28 /* LaunchScreen.storyboard in Resources */ = {isa = PBXBuildFile; fileRef = 4D83F59C21414D3A0036FE28 /* LaunchScreen.storyboard */; };
		4D83F5A921414D3A0036FE28 /* CornerDemoTests.swift in Sources */ = {isa = PBXBuildFile; fileRef = 4D83F5A821414D3A0036FE28 /* CornerDemoTests.swift */; };
		4D83F5B421414DE10036FE28 /* Round1.csv in Resources */ = {isa = PBXBuildFile; fileRef = 4D83F5B321414DE10036FE28 /* Round1.csv */; };
		4D83F5B721414E6C0036FE28 /* PanelView.xib in Resources */ = {isa = PBXBuildFile; fileRef = 4D83F5B621414E6C0036FE28 /* PanelView.xib */; };
		4D83F5B9214156670036FE28 /* PanelView.swift in Sources */ = {isa = PBXBuildFile; fileRef = 4D83F5B8214156670036FE28 /* PanelView.swift */; };
		4D83F5BF214157D20036FE28 /* Enums.swift in Sources */ = {isa = PBXBuildFile; fileRef = 4D83F5BE214157D20036FE28 /* Enums.swift */; };
		4D83F5C32141586B0036FE28 /* Round.swift in Sources */ = {isa = PBXBuildFile; fileRef = 4D83F5C22141586B0036FE28 /* Round.swift */; };
		4D83F5C521415B190036FE28 /* RoundData.swift in Sources */ = {isa = PBXBuildFile; fileRef = 4D83F5C421415B190036FE28 /* RoundData.swift */; };
		4D83F5C721415E030036FE28 /* HandPunchTests.swift in Sources */ = {isa = PBXBuildFile; fileRef = 4D83F5C621415E030036FE28 /* HandPunchTests.swift */; };
		4D83F5C9214160C60036FE28 /* RoundViewModel.swift in Sources */ = {isa = PBXBuildFile; fileRef = 4D83F5C8214160C60036FE28 /* RoundViewModel.swift */; };
		4D83F5CB21416E0E0036FE28 /* HexColors.swift in Sources */ = {isa = PBXBuildFile; fileRef = 4D83F5CA21416E0E0036FE28 /* HexColors.swift */; };
		4D83F642214177BC0036FE28 /* Fontfabric - IntroCondThinItalic.otf in Resources */ = {isa = PBXBuildFile; fileRef = 4D83F5DB214177BC0036FE28 /* Fontfabric - IntroCondThinItalic.otf */; };
		4D83F643214177BC0036FE28 /* Fontfabric - IntroCondRegularItalic.otf in Resources */ = {isa = PBXBuildFile; fileRef = 4D83F5DC214177BC0036FE28 /* Fontfabric - IntroCondRegularItalic.otf */; };
		4D83F644214177BC0036FE28 /* Fontfabric - IntroCondSemiBoldItalic.otf in Resources */ = {isa = PBXBuildFile; fileRef = 4D83F5DD214177BC0036FE28 /* Fontfabric - IntroCondSemiBoldItalic.otf */; };
		4D83F645214177BC0036FE28 /* Fontfabric - IntroCondBoldItalic.otf in Resources */ = {isa = PBXBuildFile; fileRef = 4D83F5DE214177BC0036FE28 /* Fontfabric - IntroCondBoldItalic.otf */; };
		4D83F646214177BC0036FE28 /* Fontfabric - IntroBlack.otf in Resources */ = {isa = PBXBuildFile; fileRef = 4D83F5DF214177BC0036FE28 /* Fontfabric - IntroBlack.otf */; };
		4D83F647214177BC0036FE28 /* Fontfabric - IntroCondLight.otf in Resources */ = {isa = PBXBuildFile; fileRef = 4D83F5E0214177BC0036FE28 /* Fontfabric - IntroCondLight.otf */; };
		4D83F648214177BC0036FE28 /* Fontfabric - IntroCondThinCaps.otf in Resources */ = {isa = PBXBuildFile; fileRef = 4D83F5E1214177BC0036FE28 /* Fontfabric - IntroCondThinCaps.otf */; };
		4D83F649214177BC0036FE28 /* Fontfabric Standard Font License.html in Resources */ = {isa = PBXBuildFile; fileRef = 4D83F5E3214177BC0036FE28 /* Fontfabric Standard Font License.html */; };
		4D83F64A214177BC0036FE28 /* Fontfabric - IntroCondLightCaps.otf in Resources */ = {isa = PBXBuildFile; fileRef = 4D83F5E4214177BC0036FE28 /* Fontfabric - IntroCondLightCaps.otf */; };
		4D83F64B214177BC0036FE28 /* Fontfabric - IntroCondBlackAlt.otf in Resources */ = {isa = PBXBuildFile; fileRef = 4D83F5E5214177BC0036FE28 /* Fontfabric - IntroCondBlackAlt.otf */; };
		4D83F64C214177BC0036FE28 /* Fontfabric - IntroSemiBold.otf in Resources */ = {isa = PBXBuildFile; fileRef = 4D83F5E6214177BC0036FE28 /* Fontfabric - IntroSemiBold.otf */; };
		4D83F64D214177BC0036FE28 /* Fontfabric - IntroRegularCaps.otf in Resources */ = {isa = PBXBuildFile; fileRef = 4D83F5E7214177BC0036FE28 /* Fontfabric - IntroRegularCaps.otf */; };
		4D83F64E214177BC0036FE28 /* Fontfabric - IntroCondRegularCaps.otf in Resources */ = {isa = PBXBuildFile; fileRef = 4D83F5E8214177BC0036FE28 /* Fontfabric - IntroCondRegularCaps.otf */; };
		4D83F64F214177BC0036FE28 /* Fontfabric - IntroRegularAlt.otf in Resources */ = {isa = PBXBuildFile; fileRef = 4D83F5E9214177BC0036FE28 /* Fontfabric - IntroRegularAlt.otf */; };
		4D83F650214177BC0036FE28 /* Fontfabric - IntroCondBoldAlt.otf in Resources */ = {isa = PBXBuildFile; fileRef = 4D83F5EA214177BC0036FE28 /* Fontfabric - IntroCondBoldAlt.otf */; };
		4D83F651214177BC0036FE28 /* Fontfabric - IntroCondThinAlt.otf in Resources */ = {isa = PBXBuildFile; fileRef = 4D83F5EB214177BC0036FE28 /* Fontfabric - IntroCondThinAlt.otf */; };
		4D83F652214177BC0036FE28 /* Fontfabric - IntroSemiBoldCaps.otf in Resources */ = {isa = PBXBuildFile; fileRef = 4D83F5EC214177BC0036FE28 /* Fontfabric - IntroSemiBoldCaps.otf */; };
		4D83F653214177BC0036FE28 /* Fontfabric - IntroLightAlt.otf in Resources */ = {isa = PBXBuildFile; fileRef = 4D83F5ED214177BC0036FE28 /* Fontfabric - IntroLightAlt.otf */; };
		4D83F654214177BC0036FE28 /* Fontfabric - IntroBlackInlineCaps.otf in Resources */ = {isa = PBXBuildFile; fileRef = 4D83F5EE214177BC0036FE28 /* Fontfabric - IntroBlackInlineCaps.otf */; };
		4D83F655214177BC0036FE28 /* Fontfabric - IntroBlackCaps.otf in Resources */ = {isa = PBXBuildFile; fileRef = 4D83F5EF214177BC0036FE28 /* Fontfabric - IntroBlackCaps.otf */; };
		4D83F656214177BC0036FE28 /* Fontfabric - IntroBoldAlt.otf in Resources */ = {isa = PBXBuildFile; fileRef = 4D83F5F0214177BC0036FE28 /* Fontfabric - IntroBoldAlt.otf */; };
		4D83F657214177BC0036FE28 /* Fontfabric - IntroThinAlt.otf in Resources */ = {isa = PBXBuildFile; fileRef = 4D83F5F1214177BC0036FE28 /* Fontfabric - IntroThinAlt.otf */; };
		4D83F658214177BC0036FE28 /* Fontfabric - IntroBoldCaps.otf in Resources */ = {isa = PBXBuildFile; fileRef = 4D83F5F2214177BC0036FE28 /* Fontfabric - IntroBoldCaps.otf */; };
		4D83F659214177BC0036FE28 /* Fontfabric - IntroCondRegular.otf in Resources */ = {isa = PBXBuildFile; fileRef = 4D83F5F3214177BC0036FE28 /* Fontfabric - IntroCondRegular.otf */; };
		4D83F65A214177BC0036FE28 /* Fontfabric - IntroCondRegularAlt.otf in Resources */ = {isa = PBXBuildFile; fileRef = 4D83F5F4214177BC0036FE28 /* Fontfabric - IntroCondRegularAlt.otf */; };
		4D83F65B214177BC0036FE28 /* Fontfabric - IntroCondBlackCaps.otf in Resources */ = {isa = PBXBuildFile; fileRef = 4D83F5F5214177BC0036FE28 /* Fontfabric - IntroCondBlackCaps.otf */; };
		4D83F65C214177BC0036FE28 /* Fontfabric - IntroThin.otf in Resources */ = {isa = PBXBuildFile; fileRef = 4D83F5F6214177BC0036FE28 /* Fontfabric - IntroThin.otf */; };
		4D83F65D214177BC0036FE28 /* Fontfabric - IntroCondThin.otf in Resources */ = {isa = PBXBuildFile; fileRef = 4D83F5F7214177BC0036FE28 /* Fontfabric - IntroCondThin.otf */; };
		4D83F65E214177BC0036FE28 /* Fontfabric - IntroRegular.otf in Resources */ = {isa = PBXBuildFile; fileRef = 4D83F5F8214177BC0036FE28 /* Fontfabric - IntroRegular.otf */; };
		4D83F65F214177BC0036FE28 /* Fontfabric - IntroCondBold.otf in Resources */ = {isa = PBXBuildFile; fileRef = 4D83F5F9214177BC0036FE28 /* Fontfabric - IntroCondBold.otf */; };
		4D83F660214177BC0036FE28 /* Fontfabric - IntroThinCaps.otf in Resources */ = {isa = PBXBuildFile; fileRef = 4D83F5FA214177BC0036FE28 /* Fontfabric - IntroThinCaps.otf */; };
		4D83F661214177BC0036FE28 /* Fontfabric - IntroBlackInline.otf in Resources */ = {isa = PBXBuildFile; fileRef = 4D83F5FB214177BC0036FE28 /* Fontfabric - IntroBlackInline.otf */; };
		4D83F662214177BC0036FE28 /* Fontfabric - IntroBlackItalic.otf in Resources */ = {isa = PBXBuildFile; fileRef = 4D83F5FC214177BC0036FE28 /* Fontfabric - IntroBlackItalic.otf */; };
		4D83F663214177BC0036FE28 /* Fontfabric - IntroBold.otf in Resources */ = {isa = PBXBuildFile; fileRef = 4D83F5FD214177BC0036FE28 /* Fontfabric - IntroBold.otf */; };
		4D83F664214177BC0036FE28 /* Fontfabric - IntroBlackAlt.otf in Resources */ = {isa = PBXBuildFile; fileRef = 4D83F5FE214177BC0036FE28 /* Fontfabric - IntroBlackAlt.otf */; };
		4D83F665214177BC0036FE28 /* Fontfabric - IntroCondSemiBoldAlt.otf in Resources */ = {isa = PBXBuildFile; fileRef = 4D83F5FF214177BC0036FE28 /* Fontfabric - IntroCondSemiBoldAlt.otf */; };
		4D83F666214177BC0036FE28 /* Fontfabric - IntroCondBlackItalic.otf in Resources */ = {isa = PBXBuildFile; fileRef = 4D83F600214177BC0036FE28 /* Fontfabric - IntroCondBlackItalic.otf */; };
		4D83F667214177BC0036FE28 /* Fontfabric - IntroSemiBoldAlt.otf in Resources */ = {isa = PBXBuildFile; fileRef = 4D83F601214177BC0036FE28 /* Fontfabric - IntroSemiBoldAlt.otf */; };
		4D83F668214177BC0036FE28 /* Fontfabric - IntroRegularItalic.otf in Resources */ = {isa = PBXBuildFile; fileRef = 4D83F602214177BC0036FE28 /* Fontfabric - IntroRegularItalic.otf */; };
		4D83F669214177BC0036FE28 /* Fontfabric - IntroCondSemiBoldCaps.otf in Resources */ = {isa = PBXBuildFile; fileRef = 4D83F603214177BC0036FE28 /* Fontfabric - IntroCondSemiBoldCaps.otf */; };
		4D83F66A214177BC0036FE28 /* Fontfabric - IntroBoldItalic.otf in Resources */ = {isa = PBXBuildFile; fileRef = 4D83F604214177BC0036FE28 /* Fontfabric - IntroBoldItalic.otf */; };
		4D83F66B214177BC0036FE28 /* Fontfabric - IntroCondBlack.otf in Resources */ = {isa = PBXBuildFile; fileRef = 4D83F605214177BC0036FE28 /* Fontfabric - IntroCondBlack.otf */; };
		4D83F66C214177BC0036FE28 /* Fontfabric - Intro Thin.ttf in Resources */ = {isa = PBXBuildFile; fileRef = 4D83F607214177BC0036FE28 /* Fontfabric - Intro Thin.ttf */; };
		4D83F66D214177BC0036FE28 /* Fontfabric - Intro Thin Italic.ttf in Resources */ = {isa = PBXBuildFile; fileRef = 4D83F608214177BC0036FE28 /* Fontfabric - Intro Thin Italic.ttf */; };
		4D83F66E214177BC0036FE28 /* Fontfabric - Intro Black Inline Caps.ttf in Resources */ = {isa = PBXBuildFile; fileRef = 4D83F609214177BC0036FE28 /* Fontfabric - Intro Black Inline Caps.ttf */; };
		4D83F66F214177BC0036FE28 /* Fontfabric - Intro Cond Regular Italic.ttf in Resources */ = {isa = PBXBuildFile; fileRef = 4D83F60A214177BC0036FE28 /* Fontfabric - Intro Cond Regular Italic.ttf */; };
		4D83F670214177BC0036FE28 /* Fontfabric - Intro Bold Alt.ttf in Resources */ = {isa = PBXBuildFile; fileRef = 4D83F60B214177BC0036FE28 /* Fontfabric - Intro Bold Alt.ttf */; };
		4D83F671214177BC0036FE28 /* Fontfabric - Intro Cond Light Italic.ttf in Resources */ = {isa = PBXBuildFile; fileRef = 4D83F60C214177BC0036FE28 /* Fontfabric - Intro Cond Light Italic.ttf */; };
		4D83F672214177BC0036FE28 /* Fontfabric - Intro Black Caps.ttf in Resources */ = {isa = PBXBuildFile; fileRef = 4D83F60D214177BC0036FE28 /* Fontfabric - Intro Black Caps.ttf */; };
		4D83F673214177BC0036FE28 /* Fontfabric - Intro Cond Bold Italic.ttf in Resources */ = {isa = PBXBuildFile; fileRef = 4D83F60E214177BC0036FE28 /* Fontfabric - Intro Cond Bold Italic.ttf */; };
		4D83F674214177BC0036FE28 /* Fontfabric - Intro Cond Light.ttf in Resources */ = {isa = PBXBuildFile; fileRef = 4D83F60F214177BC0036FE28 /* Fontfabric - Intro Cond Light.ttf */; };
		4D83F675214177BC0036FE28 /* Fontfabric - Intro Cond Light Alt.ttf in Resources */ = {isa = PBXBuildFile; fileRef = 4D83F610214177BC0036FE28 /* Fontfabric - Intro Cond Light Alt.ttf */; };
		4D83F676214177BC0036FE28 /* Fontfabric - Intro Regular Caps.ttf in Resources */ = {isa = PBXBuildFile; fileRef = 4D83F611214177BC0036FE28 /* Fontfabric - Intro Regular Caps.ttf */; };
		4D83F677214177BC0036FE28 /* Fontfabric - Intro Light.ttf in Resources */ = {isa = PBXBuildFile; fileRef = 4D83F612214177BC0036FE28 /* Fontfabric - Intro Light.ttf */; };
		4D83F678214177BC0036FE28 /* Fontfabric - Intro Bold Caps.ttf in Resources */ = {isa = PBXBuildFile; fileRef = 4D83F613214177BC0036FE28 /* Fontfabric - Intro Bold Caps.ttf */; };
		4D83F679214177BC0036FE28 /* Fontfabric - Intro Cond Regular Alt.ttf in Resources */ = {isa = PBXBuildFile; fileRef = 4D83F614214177BC0036FE28 /* Fontfabric - Intro Cond Regular Alt.ttf */; };
		4D83F67A214177BC0036FE28 /* Fontfabric - Intro Cond SemiBold Alt.ttf in Resources */ = {isa = PBXBuildFile; fileRef = 4D83F615214177BC0036FE28 /* Fontfabric - Intro Cond SemiBold Alt.ttf */; };
		4D83F67B214177BC0036FE28 /* Fontfabric - Intro Cond SemiBold.ttf in Resources */ = {isa = PBXBuildFile; fileRef = 4D83F616214177BC0036FE28 /* Fontfabric - Intro Cond SemiBold.ttf */; };
		4D83F67C214177BC0036FE28 /* Fontfabric - Intro Bold.ttf in Resources */ = {isa = PBXBuildFile; fileRef = 4D83F617214177BC0036FE28 /* Fontfabric - Intro Bold.ttf */; };
		4D83F67D214177BC0036FE28 /* Fontfabric - Intro Black Alt.ttf in Resources */ = {isa = PBXBuildFile; fileRef = 4D83F618214177BC0036FE28 /* Fontfabric - Intro Black Alt.ttf */; };
		4D83F67E214177BC0036FE28 /* Fontfabric - Intro Light Caps.ttf in Resources */ = {isa = PBXBuildFile; fileRef = 4D83F619214177BC0036FE28 /* Fontfabric - Intro Light Caps.ttf */; };
		4D83F67F214177BC0036FE28 /* Fontfabric - Intro Regular Alt.ttf in Resources */ = {isa = PBXBuildFile; fileRef = 4D83F61A214177BC0036FE28 /* Fontfabric - Intro Regular Alt.ttf */; };
		4D83F680214177BC0036FE28 /* Fontfabric - Intro SemiBold Alt.ttf in Resources */ = {isa = PBXBuildFile; fileRef = 4D83F61B214177BC0036FE28 /* Fontfabric - Intro SemiBold Alt.ttf */; };
		4D83F681214177BC0036FE28 /* Fontfabric - Intro SemiBold.ttf in Resources */ = {isa = PBXBuildFile; fileRef = 4D83F61C214177BC0036FE28 /* Fontfabric - Intro SemiBold.ttf */; };
		4D83F682214177BC0036FE28 /* Fontfabric - Intro Regular.ttf in Resources */ = {isa = PBXBuildFile; fileRef = 4D83F61D214177BC0036FE28 /* Fontfabric - Intro Regular.ttf */; };
		4D83F683214177BC0036FE28 /* Fontfabric - Intro Cond Regular Caps.ttf in Resources */ = {isa = PBXBuildFile; fileRef = 4D83F61E214177BC0036FE28 /* Fontfabric - Intro Cond Regular Caps.ttf */; };
		4D83F684214177BC0036FE28 /* Fontfabric - Intro Light Italic.ttf in Resources */ = {isa = PBXBuildFile; fileRef = 4D83F61F214177BC0036FE28 /* Fontfabric - Intro Light Italic.ttf */; };
		4D83F685214177BC0036FE28 /* Fontfabric - Intro Cond Thin Italic.ttf in Resources */ = {isa = PBXBuildFile; fileRef = 4D83F620214177BC0036FE28 /* Fontfabric - Intro Cond Thin Italic.ttf */; };
		4D83F686214177BC0036FE28 /* Fontfabric - Intro Cond Bold Alt.ttf in Resources */ = {isa = PBXBuildFile; fileRef = 4D83F621214177BC0036FE28 /* Fontfabric - Intro Cond Bold Alt.ttf */; };
		4D83F687214177BC0036FE28 /* Fontfabric - Intro Cond Thin Caps.ttf in Resources */ = {isa = PBXBuildFile; fileRef = 4D83F622214177BC0036FE28 /* Fontfabric - Intro Cond Thin Caps.ttf */; };
		4D83F688214177BC0036FE28 /* Fontfabric - Intro Bold Italic.ttf in Resources */ = {isa = PBXBuildFile; fileRef = 4D83F623214177BC0036FE28 /* Fontfabric - Intro Bold Italic.ttf */; };
		4D83F689214177BC0036FE28 /* Fontfabric - Intro Cond Black Alt.ttf in Resources */ = {isa = PBXBuildFile; fileRef = 4D83F624214177BC0036FE28 /* Fontfabric - Intro Cond Black Alt.ttf */; };
		4D83F68A214177BC0036FE28 /* Fontfabric - Intro Cond Black Italic.ttf in Resources */ = {isa = PBXBuildFile; fileRef = 4D83F625214177BC0036FE28 /* Fontfabric - Intro Cond Black Italic.ttf */; };
		4D83F68B214177BC0036FE28 /* Fontfabric - Intro Regular Italic.ttf in Resources */ = {isa = PBXBuildFile; fileRef = 4D83F626214177BC0036FE28 /* Fontfabric - Intro Regular Italic.ttf */; };
		4D83F68C214177BC0036FE28 /* Fontfabric - Intro Cond Thin Alt.ttf in Resources */ = {isa = PBXBuildFile; fileRef = 4D83F627214177BC0036FE28 /* Fontfabric - Intro Cond Thin Alt.ttf */; };
		4D83F68D214177BC0036FE28 /* Fontfabric - Intro Cond Light Caps.ttf in Resources */ = {isa = PBXBuildFile; fileRef = 4D83F628214177BC0036FE28 /* Fontfabric - Intro Cond Light Caps.ttf */; };
		4D83F68E214177BC0036FE28 /* Fontfabric - Intro Cond SemiBold Caps.ttf in Resources */ = {isa = PBXBuildFile; fileRef = 4D83F629214177BC0036FE28 /* Fontfabric - Intro Cond SemiBold Caps.ttf */; };
		4D83F68F214177BC0036FE28 /* Fontfabric - Intro SemiBold Caps.ttf in Resources */ = {isa = PBXBuildFile; fileRef = 4D83F62A214177BC0036FE28 /* Fontfabric - Intro SemiBold Caps.ttf */; };
		4D83F690214177BC0036FE28 /* Fontfabric - Intro SemiBold Italic.ttf in Resources */ = {isa = PBXBuildFile; fileRef = 4D83F62B214177BC0036FE28 /* Fontfabric - Intro SemiBold Italic.ttf */; };
		4D83F691214177BC0036FE28 /* Fontfabric - Intro Thin Caps.ttf in Resources */ = {isa = PBXBuildFile; fileRef = 4D83F62C214177BC0036FE28 /* Fontfabric - Intro Thin Caps.ttf */; };
		4D83F692214177BC0036FE28 /* Fontfabric - Intro Thin Alt.ttf in Resources */ = {isa = PBXBuildFile; fileRef = 4D83F62D214177BC0036FE28 /* Fontfabric - Intro Thin Alt.ttf */; };
		4D83F693214177BC0036FE28 /* Fontfabric - Intro Black.ttf in Resources */ = {isa = PBXBuildFile; fileRef = 4D83F62E214177BC0036FE28 /* Fontfabric - Intro Black.ttf */; };
		4D83F694214177BC0036FE28 /* Fontfabric - Intro Cond Black.ttf in Resources */ = {isa = PBXBuildFile; fileRef = 4D83F62F214177BC0036FE28 /* Fontfabric - Intro Cond Black.ttf */; };
		4D83F695214177BC0036FE28 /* Fontfabric - Intro Cond Bold.ttf in Resources */ = {isa = PBXBuildFile; fileRef = 4D83F630214177BC0036FE28 /* Fontfabric - Intro Cond Bold.ttf */; };
		4D83F696214177BC0036FE28 /* Fontfabric - Intro Cond Bold Caps.ttf in Resources */ = {isa = PBXBuildFile; fileRef = 4D83F631214177BC0036FE28 /* Fontfabric - Intro Cond Bold Caps.ttf */; };
		4D83F697214177BC0036FE28 /* Fontfabric - Intro Cond Thin.ttf in Resources */ = {isa = PBXBuildFile; fileRef = 4D83F632214177BC0036FE28 /* Fontfabric - Intro Cond Thin.ttf */; };
		4D83F698214177BC0036FE28 /* Fontfabric - Intro Light Alt.ttf in Resources */ = {isa = PBXBuildFile; fileRef = 4D83F633214177BC0036FE28 /* Fontfabric - Intro Light Alt.ttf */; };
		4D83F699214177BC0036FE28 /* Fontfabric - Intro Cond SemiBold Italic.ttf in Resources */ = {isa = PBXBuildFile; fileRef = 4D83F634214177BC0036FE28 /* Fontfabric - Intro Cond SemiBold Italic.ttf */; };
		4D83F69A214177BC0036FE28 /* Fontfabric - Intro Black Inline.ttf in Resources */ = {isa = PBXBuildFile; fileRef = 4D83F635214177BC0036FE28 /* Fontfabric - Intro Black Inline.ttf */; };
		4D83F69B214177BC0036FE28 /* Fontfabric - Intro Black Italic.ttf in Resources */ = {isa = PBXBuildFile; fileRef = 4D83F636214177BC0036FE28 /* Fontfabric - Intro Black Italic.ttf */; };
		4D83F69C214177BC0036FE28 /* Fontfabric - Intro Cond Regular.ttf in Resources */ = {isa = PBXBuildFile; fileRef = 4D83F637214177BC0036FE28 /* Fontfabric - Intro Cond Regular.ttf */; };
		4D83F69D214177BC0036FE28 /* Fontfabric - Intro Cond Black Caps.ttf in Resources */ = {isa = PBXBuildFile; fileRef = 4D83F638214177BC0036FE28 /* Fontfabric - Intro Cond Black Caps.ttf */; };
		4D83F69E214177BC0036FE28 /* Fontfabric - IntroLightCaps.otf in Resources */ = {isa = PBXBuildFile; fileRef = 4D83F639214177BC0036FE28 /* Fontfabric - IntroLightCaps.otf */; };
		4D83F69F214177BC0036FE28 /* Fontfabric - IntroSemiBoldItalic.otf in Resources */ = {isa = PBXBuildFile; fileRef = 4D83F63A214177BC0036FE28 /* Fontfabric - IntroSemiBoldItalic.otf */; };
		4D83F6A0214177BC0036FE28 /* Fontfabric - IntroLightItalic.otf in Resources */ = {isa = PBXBuildFile; fileRef = 4D83F63B214177BC0036FE28 /* Fontfabric - IntroLightItalic.otf */; };
		4D83F6A1214177BC0036FE28 /* Fontfabric - IntroCondSemiBold.otf in Resources */ = {isa = PBXBuildFile; fileRef = 4D83F63C214177BC0036FE28 /* Fontfabric - IntroCondSemiBold.otf */; };
		4D83F6A2214177BC0036FE28 /* Fontfabric - IntroCondLightItalic.otf in Resources */ = {isa = PBXBuildFile; fileRef = 4D83F63D214177BC0036FE28 /* Fontfabric - IntroCondLightItalic.otf */; };
		4D83F6A3214177BC0036FE28 /* Fontfabric - IntroThinItalic.otf in Resources */ = {isa = PBXBuildFile; fileRef = 4D83F63E214177BC0036FE28 /* Fontfabric - IntroThinItalic.otf */; };
		4D83F6A4214177BC0036FE28 /* Fontfabric - IntroCondBoldCaps.otf in Resources */ = {isa = PBXBuildFile; fileRef = 4D83F63F214177BC0036FE28 /* Fontfabric - IntroCondBoldCaps.otf */; };
		4D83F6A5214177BC0036FE28 /* Fontfabric - IntroLight.otf in Resources */ = {isa = PBXBuildFile; fileRef = 4D83F640214177BC0036FE28 /* Fontfabric - IntroLight.otf */; };
		4D83F6A6214177BC0036FE28 /* Fontfabric - IntroCondLightAlt.otf in Resources */ = {isa = PBXBuildFile; fileRef = 4D83F641214177BC0036FE28 /* Fontfabric - IntroCondLightAlt.otf */; };
		4DB5C6632147027400B71535 /* ObjectCache.swift in Sources */ = {isa = PBXBuildFile; fileRef = 4DB5C6622147027400B71535 /* ObjectCache.swift */; };
		4DB5C6652147A74D00B71535 /* PanelViewModel.swift in Sources */ = {isa = PBXBuildFile; fileRef = 4DB5C6642147A74D00B71535 /* PanelViewModel.swift */; };
		4DB5C6692147AD1D00B71535 /* AveragingTests.swift in Sources */ = {isa = PBXBuildFile; fileRef = 4DB5C6682147AD1D00B71535 /* AveragingTests.swift */; };
		4DB5C66A2147AD9E00B71535 /* Enums.swift in Sources */ = {isa = PBXBuildFile; fileRef = 4D83F5BE214157D20036FE28 /* Enums.swift */; };
		4DB5C66B2147ADAC00B71535 /* RoundData.swift in Sources */ = {isa = PBXBuildFile; fileRef = 4D83F5C421415B190036FE28 /* RoundData.swift */; };
		4DB5C66C2147ADB100B71535 /* Round.swift in Sources */ = {isa = PBXBuildFile; fileRef = 4D83F5C22141586B0036FE28 /* Round.swift */; };
		4DB5C66D2147ADB500B71535 /* Extensions.swift in Sources */ = {isa = PBXBuildFile; fileRef = 4D8005682143D813002044E5 /* Extensions.swift */; };
		4DB5C66E2147ADBC00B71535 /* ObjectCache.swift in Sources */ = {isa = PBXBuildFile; fileRef = 4DB5C6622147027400B71535 /* ObjectCache.swift */; };
		4DB5C66F2147ADC100B71535 /* PanelViewModel.swift in Sources */ = {isa = PBXBuildFile; fileRef = 4DB5C6642147A74D00B71535 /* PanelViewModel.swift */; };
		4DB5C6702147ADC400B71535 /* RoundViewModel.swift in Sources */ = {isa = PBXBuildFile; fileRef = 4D83F5C8214160C60036FE28 /* RoundViewModel.swift */; };
		4DB5C6712147ADCA00B71535 /* HexColors.swift in Sources */ = {isa = PBXBuildFile; fileRef = 4D83F5CA21416E0E0036FE28 /* HexColors.swift */; };
		4DB5C6732147D6F200B71535 /* CalculateHelper.swift in Sources */ = {isa = PBXBuildFile; fileRef = 4DB5C6722147D6F200B71535 /* CalculateHelper.swift */; };
		4DC3E0FA2145CEEE00017F50 /* SideMenuTableViewController.swift in Sources */ = {isa = PBXBuildFile; fileRef = 4DC3E0F92145CEEE00017F50 /* SideMenuTableViewController.swift */; };
		4DE0F1692144FA2A00C31B27 /* GraphView.swift in Sources */ = {isa = PBXBuildFile; fileRef = 4DE0F1682144FA2A00C31B27 /* GraphView.swift */; };
		4DE0F16D2145024700C31B27 /* SlideOneView.swift in Sources */ = {isa = PBXBuildFile; fileRef = 4DE0F16C2145024700C31B27 /* SlideOneView.swift */; };
		4DE0F16F2145025600C31B27 /* SlideTwoView.swift in Sources */ = {isa = PBXBuildFile; fileRef = 4DE0F16E2145025600C31B27 /* SlideTwoView.swift */; };
		4DE0F171214502A900C31B27 /* SlideOneView.xib in Resources */ = {isa = PBXBuildFile; fileRef = 4DE0F170214502A900C31B27 /* SlideOneView.xib */; };
		4DE0F175214503A900C31B27 /* SlideTypeBreakDownView.xib in Resources */ = {isa = PBXBuildFile; fileRef = 4DE0F174214503A900C31B27 /* SlideTypeBreakDownView.xib */; };
		4DE0F177214506D700C31B27 /* SlideCollectionView.swift in Sources */ = {isa = PBXBuildFile; fileRef = 4DE0F176214506D700C31B27 /* SlideCollectionView.swift */; };
		F99BDF833B83CE94E35F68DD /* Pods_CornerDemoTests.framework in Frameworks */ = {isa = PBXBuildFile; fileRef = A50152E38998B8BF4533CD5D /* Pods_CornerDemoTests.framework */; };
/* End PBXBuildFile section */

/* Begin PBXContainerItemProxy section */
		4D83F5A521414D3A0036FE28 /* PBXContainerItemProxy */ = {
			isa = PBXContainerItemProxy;
			containerPortal = 4D83F58821414D380036FE28 /* Project object */;
			proxyType = 1;
			remoteGlobalIDString = 4D83F58F21414D380036FE28;
			remoteInfo = CornerDemo;
		};
/* End PBXContainerItemProxy section */

/* Begin PBXFileReference section */
		02E3D17990703FFF490AF024 /* Pods_CornerDemo.framework */ = {isa = PBXFileReference; explicitFileType = wrapper.framework; includeInIndex = 0; path = Pods_CornerDemo.framework; sourceTree = BUILT_PRODUCTS_DIR; };
		43B289F5B2D6D733F8886FB9 /* Pods-CornerDemo.debug.xcconfig */ = {isa = PBXFileReference; includeInIndex = 1; lastKnownFileType = text.xcconfig; name = "Pods-CornerDemo.debug.xcconfig"; path = "Pods/Target Support Files/Pods-CornerDemo/Pods-CornerDemo.debug.xcconfig"; sourceTree = "<group>"; };
		4D77714C2146BF9300B9C26F /* PanelCollectionView.swift */ = {isa = PBXFileReference; lastKnownFileType = sourcecode.swift; path = PanelCollectionView.swift; sourceTree = "<group>"; };
		4D80055E2143BE14002044E5 /* ToolbarView.swift */ = {isa = PBXFileReference; lastKnownFileType = sourcecode.swift; path = ToolbarView.swift; sourceTree = "<group>"; };
		4D8005602143BE49002044E5 /* ToolbarView.xib */ = {isa = PBXFileReference; lastKnownFileType = file.xib; path = ToolbarView.xib; sourceTree = "<group>"; };
		4D8005682143D813002044E5 /* Extensions.swift */ = {isa = PBXFileReference; lastKnownFileType = sourcecode.swift; path = Extensions.swift; sourceTree = "<group>"; };
		4D83F59021414D380036FE28 /* CornerDemo.app */ = {isa = PBXFileReference; explicitFileType = wrapper.application; includeInIndex = 0; path = CornerDemo.app; sourceTree = BUILT_PRODUCTS_DIR; };
		4D83F59321414D380036FE28 /* AppDelegate.swift */ = {isa = PBXFileReference; lastKnownFileType = sourcecode.swift; path = AppDelegate.swift; sourceTree = "<group>"; };
		4D83F59521414D380036FE28 /* ViewController.swift */ = {isa = PBXFileReference; lastKnownFileType = sourcecode.swift; path = ViewController.swift; sourceTree = "<group>"; };
		4D83F59821414D380036FE28 /* Base */ = {isa = PBXFileReference; lastKnownFileType = file.storyboard; name = Base; path = Base.lproj/Main.storyboard; sourceTree = "<group>"; };
		4D83F59A21414D3A0036FE28 /* Assets.xcassets */ = {isa = PBXFileReference; lastKnownFileType = folder.assetcatalog; path = Assets.xcassets; sourceTree = "<group>"; };
		4D83F59D21414D3A0036FE28 /* Base */ = {isa = PBXFileReference; lastKnownFileType = file.storyboard; name = Base; path = Base.lproj/LaunchScreen.storyboard; sourceTree = "<group>"; };
		4D83F59F21414D3A0036FE28 /* Info.plist */ = {isa = PBXFileReference; lastKnownFileType = text.plist.xml; path = Info.plist; sourceTree = "<group>"; };
		4D83F5A421414D3A0036FE28 /* CornerDemoTests.xctest */ = {isa = PBXFileReference; explicitFileType = wrapper.cfbundle; includeInIndex = 0; path = CornerDemoTests.xctest; sourceTree = BUILT_PRODUCTS_DIR; };
		4D83F5A821414D3A0036FE28 /* CornerDemoTests.swift */ = {isa = PBXFileReference; lastKnownFileType = sourcecode.swift; path = CornerDemoTests.swift; sourceTree = "<group>"; };
		4D83F5AA21414D3A0036FE28 /* Info.plist */ = {isa = PBXFileReference; lastKnownFileType = text.plist.xml; path = Info.plist; sourceTree = "<group>"; };
		4D83F5B321414DE10036FE28 /* Round1.csv */ = {isa = PBXFileReference; fileEncoding = 4; lastKnownFileType = text; path = Round1.csv; sourceTree = "<group>"; };
		4D83F5B621414E6C0036FE28 /* PanelView.xib */ = {isa = PBXFileReference; lastKnownFileType = file.xib; path = PanelView.xib; sourceTree = "<group>"; };
		4D83F5B8214156670036FE28 /* PanelView.swift */ = {isa = PBXFileReference; lastKnownFileType = sourcecode.swift; path = PanelView.swift; sourceTree = "<group>"; };
		4D83F5BE214157D20036FE28 /* Enums.swift */ = {isa = PBXFileReference; lastKnownFileType = sourcecode.swift; path = Enums.swift; sourceTree = "<group>"; };
		4D83F5C22141586B0036FE28 /* Round.swift */ = {isa = PBXFileReference; lastKnownFileType = sourcecode.swift; path = Round.swift; sourceTree = "<group>"; };
		4D83F5C421415B190036FE28 /* RoundData.swift */ = {isa = PBXFileReference; lastKnownFileType = sourcecode.swift; path = RoundData.swift; sourceTree = "<group>"; };
		4D83F5C621415E030036FE28 /* HandPunchTests.swift */ = {isa = PBXFileReference; lastKnownFileType = sourcecode.swift; path = HandPunchTests.swift; sourceTree = "<group>"; };
		4D83F5C8214160C60036FE28 /* RoundViewModel.swift */ = {isa = PBXFileReference; lastKnownFileType = sourcecode.swift; path = RoundViewModel.swift; sourceTree = "<group>"; };
		4D83F5CA21416E0E0036FE28 /* HexColors.swift */ = {isa = PBXFileReference; lastKnownFileType = sourcecode.swift; path = HexColors.swift; sourceTree = "<group>"; };
		4D83F5DB214177BC0036FE28 /* Fontfabric - IntroCondThinItalic.otf */ = {isa = PBXFileReference; lastKnownFileType = file; path = "Fontfabric - IntroCondThinItalic.otf"; sourceTree = "<group>"; };
		4D83F5DC214177BC0036FE28 /* Fontfabric - IntroCondRegularItalic.otf */ = {isa = PBXFileReference; lastKnownFileType = file; path = "Fontfabric - IntroCondRegularItalic.otf"; sourceTree = "<group>"; };
		4D83F5DD214177BC0036FE28 /* Fontfabric - IntroCondSemiBoldItalic.otf */ = {isa = PBXFileReference; lastKnownFileType = file; path = "Fontfabric - IntroCondSemiBoldItalic.otf"; sourceTree = "<group>"; };
		4D83F5DE214177BC0036FE28 /* Fontfabric - IntroCondBoldItalic.otf */ = {isa = PBXFileReference; lastKnownFileType = file; path = "Fontfabric - IntroCondBoldItalic.otf"; sourceTree = "<group>"; };
		4D83F5DF214177BC0036FE28 /* Fontfabric - IntroBlack.otf */ = {isa = PBXFileReference; lastKnownFileType = file; path = "Fontfabric - IntroBlack.otf"; sourceTree = "<group>"; };
		4D83F5E0214177BC0036FE28 /* Fontfabric - IntroCondLight.otf */ = {isa = PBXFileReference; lastKnownFileType = file; path = "Fontfabric - IntroCondLight.otf"; sourceTree = "<group>"; };
		4D83F5E1214177BC0036FE28 /* Fontfabric - IntroCondThinCaps.otf */ = {isa = PBXFileReference; lastKnownFileType = file; path = "Fontfabric - IntroCondThinCaps.otf"; sourceTree = "<group>"; };
		4D83F5E3214177BC0036FE28 /* Fontfabric Standard Font License.html */ = {isa = PBXFileReference; fileEncoding = 4; lastKnownFileType = text.html; path = "Fontfabric Standard Font License.html"; sourceTree = "<group>"; };
		4D83F5E4214177BC0036FE28 /* Fontfabric - IntroCondLightCaps.otf */ = {isa = PBXFileReference; lastKnownFileType = file; path = "Fontfabric - IntroCondLightCaps.otf"; sourceTree = "<group>"; };
		4D83F5E5214177BC0036FE28 /* Fontfabric - IntroCondBlackAlt.otf */ = {isa = PBXFileReference; lastKnownFileType = file; path = "Fontfabric - IntroCondBlackAlt.otf"; sourceTree = "<group>"; };
		4D83F5E6214177BC0036FE28 /* Fontfabric - IntroSemiBold.otf */ = {isa = PBXFileReference; lastKnownFileType = file; path = "Fontfabric - IntroSemiBold.otf"; sourceTree = "<group>"; };
		4D83F5E7214177BC0036FE28 /* Fontfabric - IntroRegularCaps.otf */ = {isa = PBXFileReference; lastKnownFileType = file; path = "Fontfabric - IntroRegularCaps.otf"; sourceTree = "<group>"; };
		4D83F5E8214177BC0036FE28 /* Fontfabric - IntroCondRegularCaps.otf */ = {isa = PBXFileReference; lastKnownFileType = file; path = "Fontfabric - IntroCondRegularCaps.otf"; sourceTree = "<group>"; };
		4D83F5E9214177BC0036FE28 /* Fontfabric - IntroRegularAlt.otf */ = {isa = PBXFileReference; lastKnownFileType = file; path = "Fontfabric - IntroRegularAlt.otf"; sourceTree = "<group>"; };
		4D83F5EA214177BC0036FE28 /* Fontfabric - IntroCondBoldAlt.otf */ = {isa = PBXFileReference; lastKnownFileType = file; path = "Fontfabric - IntroCondBoldAlt.otf"; sourceTree = "<group>"; };
		4D83F5EB214177BC0036FE28 /* Fontfabric - IntroCondThinAlt.otf */ = {isa = PBXFileReference; lastKnownFileType = file; path = "Fontfabric - IntroCondThinAlt.otf"; sourceTree = "<group>"; };
		4D83F5EC214177BC0036FE28 /* Fontfabric - IntroSemiBoldCaps.otf */ = {isa = PBXFileReference; lastKnownFileType = file; path = "Fontfabric - IntroSemiBoldCaps.otf"; sourceTree = "<group>"; };
		4D83F5ED214177BC0036FE28 /* Fontfabric - IntroLightAlt.otf */ = {isa = PBXFileReference; lastKnownFileType = file; path = "Fontfabric - IntroLightAlt.otf"; sourceTree = "<group>"; };
		4D83F5EE214177BC0036FE28 /* Fontfabric - IntroBlackInlineCaps.otf */ = {isa = PBXFileReference; lastKnownFileType = file; path = "Fontfabric - IntroBlackInlineCaps.otf"; sourceTree = "<group>"; };
		4D83F5EF214177BC0036FE28 /* Fontfabric - IntroBlackCaps.otf */ = {isa = PBXFileReference; lastKnownFileType = file; path = "Fontfabric - IntroBlackCaps.otf"; sourceTree = "<group>"; };
		4D83F5F0214177BC0036FE28 /* Fontfabric - IntroBoldAlt.otf */ = {isa = PBXFileReference; lastKnownFileType = file; path = "Fontfabric - IntroBoldAlt.otf"; sourceTree = "<group>"; };
		4D83F5F1214177BC0036FE28 /* Fontfabric - IntroThinAlt.otf */ = {isa = PBXFileReference; lastKnownFileType = file; path = "Fontfabric - IntroThinAlt.otf"; sourceTree = "<group>"; };
		4D83F5F2214177BC0036FE28 /* Fontfabric - IntroBoldCaps.otf */ = {isa = PBXFileReference; lastKnownFileType = file; path = "Fontfabric - IntroBoldCaps.otf"; sourceTree = "<group>"; };
		4D83F5F3214177BC0036FE28 /* Fontfabric - IntroCondRegular.otf */ = {isa = PBXFileReference; lastKnownFileType = file; path = "Fontfabric - IntroCondRegular.otf"; sourceTree = "<group>"; };
		4D83F5F4214177BC0036FE28 /* Fontfabric - IntroCondRegularAlt.otf */ = {isa = PBXFileReference; lastKnownFileType = file; path = "Fontfabric - IntroCondRegularAlt.otf"; sourceTree = "<group>"; };
		4D83F5F5214177BC0036FE28 /* Fontfabric - IntroCondBlackCaps.otf */ = {isa = PBXFileReference; lastKnownFileType = file; path = "Fontfabric - IntroCondBlackCaps.otf"; sourceTree = "<group>"; };
		4D83F5F6214177BC0036FE28 /* Fontfabric - IntroThin.otf */ = {isa = PBXFileReference; lastKnownFileType = file; path = "Fontfabric - IntroThin.otf"; sourceTree = "<group>"; };
		4D83F5F7214177BC0036FE28 /* Fontfabric - IntroCondThin.otf */ = {isa = PBXFileReference; lastKnownFileType = file; path = "Fontfabric - IntroCondThin.otf"; sourceTree = "<group>"; };
		4D83F5F8214177BC0036FE28 /* Fontfabric - IntroRegular.otf */ = {isa = PBXFileReference; lastKnownFileType = file; path = "Fontfabric - IntroRegular.otf"; sourceTree = "<group>"; };
		4D83F5F9214177BC0036FE28 /* Fontfabric - IntroCondBold.otf */ = {isa = PBXFileReference; lastKnownFileType = file; path = "Fontfabric - IntroCondBold.otf"; sourceTree = "<group>"; };
		4D83F5FA214177BC0036FE28 /* Fontfabric - IntroThinCaps.otf */ = {isa = PBXFileReference; lastKnownFileType = file; path = "Fontfabric - IntroThinCaps.otf"; sourceTree = "<group>"; };
		4D83F5FB214177BC0036FE28 /* Fontfabric - IntroBlackInline.otf */ = {isa = PBXFileReference; lastKnownFileType = file; path = "Fontfabric - IntroBlackInline.otf"; sourceTree = "<group>"; };
		4D83F5FC214177BC0036FE28 /* Fontfabric - IntroBlackItalic.otf */ = {isa = PBXFileReference; lastKnownFileType = file; path = "Fontfabric - IntroBlackItalic.otf"; sourceTree = "<group>"; };
		4D83F5FD214177BC0036FE28 /* Fontfabric - IntroBold.otf */ = {isa = PBXFileReference; lastKnownFileType = file; path = "Fontfabric - IntroBold.otf"; sourceTree = "<group>"; };
		4D83F5FE214177BC0036FE28 /* Fontfabric - IntroBlackAlt.otf */ = {isa = PBXFileReference; lastKnownFileType = file; path = "Fontfabric - IntroBlackAlt.otf"; sourceTree = "<group>"; };
		4D83F5FF214177BC0036FE28 /* Fontfabric - IntroCondSemiBoldAlt.otf */ = {isa = PBXFileReference; lastKnownFileType = file; path = "Fontfabric - IntroCondSemiBoldAlt.otf"; sourceTree = "<group>"; };
		4D83F600214177BC0036FE28 /* Fontfabric - IntroCondBlackItalic.otf */ = {isa = PBXFileReference; lastKnownFileType = file; path = "Fontfabric - IntroCondBlackItalic.otf"; sourceTree = "<group>"; };
		4D83F601214177BC0036FE28 /* Fontfabric - IntroSemiBoldAlt.otf */ = {isa = PBXFileReference; lastKnownFileType = file; path = "Fontfabric - IntroSemiBoldAlt.otf"; sourceTree = "<group>"; };
		4D83F602214177BC0036FE28 /* Fontfabric - IntroRegularItalic.otf */ = {isa = PBXFileReference; lastKnownFileType = file; path = "Fontfabric - IntroRegularItalic.otf"; sourceTree = "<group>"; };
		4D83F603214177BC0036FE28 /* Fontfabric - IntroCondSemiBoldCaps.otf */ = {isa = PBXFileReference; lastKnownFileType = file; path = "Fontfabric - IntroCondSemiBoldCaps.otf"; sourceTree = "<group>"; };
		4D83F604214177BC0036FE28 /* Fontfabric - IntroBoldItalic.otf */ = {isa = PBXFileReference; lastKnownFileType = file; path = "Fontfabric - IntroBoldItalic.otf"; sourceTree = "<group>"; };
		4D83F605214177BC0036FE28 /* Fontfabric - IntroCondBlack.otf */ = {isa = PBXFileReference; lastKnownFileType = file; path = "Fontfabric - IntroCondBlack.otf"; sourceTree = "<group>"; };
		4D83F607214177BC0036FE28 /* Fontfabric - Intro Thin.ttf */ = {isa = PBXFileReference; lastKnownFileType = file; path = "Fontfabric - Intro Thin.ttf"; sourceTree = "<group>"; };
		4D83F608214177BC0036FE28 /* Fontfabric - Intro Thin Italic.ttf */ = {isa = PBXFileReference; lastKnownFileType = file; path = "Fontfabric - Intro Thin Italic.ttf"; sourceTree = "<group>"; };
		4D83F609214177BC0036FE28 /* Fontfabric - Intro Black Inline Caps.ttf */ = {isa = PBXFileReference; lastKnownFileType = file; path = "Fontfabric - Intro Black Inline Caps.ttf"; sourceTree = "<group>"; };
		4D83F60A214177BC0036FE28 /* Fontfabric - Intro Cond Regular Italic.ttf */ = {isa = PBXFileReference; lastKnownFileType = file; path = "Fontfabric - Intro Cond Regular Italic.ttf"; sourceTree = "<group>"; };
		4D83F60B214177BC0036FE28 /* Fontfabric - Intro Bold Alt.ttf */ = {isa = PBXFileReference; lastKnownFileType = file; path = "Fontfabric - Intro Bold Alt.ttf"; sourceTree = "<group>"; };
		4D83F60C214177BC0036FE28 /* Fontfabric - Intro Cond Light Italic.ttf */ = {isa = PBXFileReference; lastKnownFileType = file; path = "Fontfabric - Intro Cond Light Italic.ttf"; sourceTree = "<group>"; };
		4D83F60D214177BC0036FE28 /* Fontfabric - Intro Black Caps.ttf */ = {isa = PBXFileReference; lastKnownFileType = file; path = "Fontfabric - Intro Black Caps.ttf"; sourceTree = "<group>"; };
		4D83F60E214177BC0036FE28 /* Fontfabric - Intro Cond Bold Italic.ttf */ = {isa = PBXFileReference; lastKnownFileType = file; path = "Fontfabric - Intro Cond Bold Italic.ttf"; sourceTree = "<group>"; };
		4D83F60F214177BC0036FE28 /* Fontfabric - Intro Cond Light.ttf */ = {isa = PBXFileReference; lastKnownFileType = file; path = "Fontfabric - Intro Cond Light.ttf"; sourceTree = "<group>"; };
		4D83F610214177BC0036FE28 /* Fontfabric - Intro Cond Light Alt.ttf */ = {isa = PBXFileReference; lastKnownFileType = file; path = "Fontfabric - Intro Cond Light Alt.ttf"; sourceTree = "<group>"; };
		4D83F611214177BC0036FE28 /* Fontfabric - Intro Regular Caps.ttf */ = {isa = PBXFileReference; lastKnownFileType = file; path = "Fontfabric - Intro Regular Caps.ttf"; sourceTree = "<group>"; };
		4D83F612214177BC0036FE28 /* Fontfabric - Intro Light.ttf */ = {isa = PBXFileReference; lastKnownFileType = file; path = "Fontfabric - Intro Light.ttf"; sourceTree = "<group>"; };
		4D83F613214177BC0036FE28 /* Fontfabric - Intro Bold Caps.ttf */ = {isa = PBXFileReference; lastKnownFileType = file; path = "Fontfabric - Intro Bold Caps.ttf"; sourceTree = "<group>"; };
		4D83F614214177BC0036FE28 /* Fontfabric - Intro Cond Regular Alt.ttf */ = {isa = PBXFileReference; lastKnownFileType = file; path = "Fontfabric - Intro Cond Regular Alt.ttf"; sourceTree = "<group>"; };
		4D83F615214177BC0036FE28 /* Fontfabric - Intro Cond SemiBold Alt.ttf */ = {isa = PBXFileReference; lastKnownFileType = file; path = "Fontfabric - Intro Cond SemiBold Alt.ttf"; sourceTree = "<group>"; };
		4D83F616214177BC0036FE28 /* Fontfabric - Intro Cond SemiBold.ttf */ = {isa = PBXFileReference; lastKnownFileType = file; path = "Fontfabric - Intro Cond SemiBold.ttf"; sourceTree = "<group>"; };
		4D83F617214177BC0036FE28 /* Fontfabric - Intro Bold.ttf */ = {isa = PBXFileReference; lastKnownFileType = file; path = "Fontfabric - Intro Bold.ttf"; sourceTree = "<group>"; };
		4D83F618214177BC0036FE28 /* Fontfabric - Intro Black Alt.ttf */ = {isa = PBXFileReference; lastKnownFileType = file; path = "Fontfabric - Intro Black Alt.ttf"; sourceTree = "<group>"; };
		4D83F619214177BC0036FE28 /* Fontfabric - Intro Light Caps.ttf */ = {isa = PBXFileReference; lastKnownFileType = file; path = "Fontfabric - Intro Light Caps.ttf"; sourceTree = "<group>"; };
		4D83F61A214177BC0036FE28 /* Fontfabric - Intro Regular Alt.ttf */ = {isa = PBXFileReference; lastKnownFileType = file; path = "Fontfabric - Intro Regular Alt.ttf"; sourceTree = "<group>"; };
		4D83F61B214177BC0036FE28 /* Fontfabric - Intro SemiBold Alt.ttf */ = {isa = PBXFileReference; lastKnownFileType = file; path = "Fontfabric - Intro SemiBold Alt.ttf"; sourceTree = "<group>"; };
		4D83F61C214177BC0036FE28 /* Fontfabric - Intro SemiBold.ttf */ = {isa = PBXFileReference; lastKnownFileType = file; path = "Fontfabric - Intro SemiBold.ttf"; sourceTree = "<group>"; };
		4D83F61D214177BC0036FE28 /* Fontfabric - Intro Regular.ttf */ = {isa = PBXFileReference; lastKnownFileType = file; path = "Fontfabric - Intro Regular.ttf"; sourceTree = "<group>"; };
		4D83F61E214177BC0036FE28 /* Fontfabric - Intro Cond Regular Caps.ttf */ = {isa = PBXFileReference; lastKnownFileType = file; path = "Fontfabric - Intro Cond Regular Caps.ttf"; sourceTree = "<group>"; };
		4D83F61F214177BC0036FE28 /* Fontfabric - Intro Light Italic.ttf */ = {isa = PBXFileReference; lastKnownFileType = file; path = "Fontfabric - Intro Light Italic.ttf"; sourceTree = "<group>"; };
		4D83F620214177BC0036FE28 /* Fontfabric - Intro Cond Thin Italic.ttf */ = {isa = PBXFileReference; lastKnownFileType = file; path = "Fontfabric - Intro Cond Thin Italic.ttf"; sourceTree = "<group>"; };
		4D83F621214177BC0036FE28 /* Fontfabric - Intro Cond Bold Alt.ttf */ = {isa = PBXFileReference; lastKnownFileType = file; path = "Fontfabric - Intro Cond Bold Alt.ttf"; sourceTree = "<group>"; };
		4D83F622214177BC0036FE28 /* Fontfabric - Intro Cond Thin Caps.ttf */ = {isa = PBXFileReference; lastKnownFileType = file; path = "Fontfabric - Intro Cond Thin Caps.ttf"; sourceTree = "<group>"; };
		4D83F623214177BC0036FE28 /* Fontfabric - Intro Bold Italic.ttf */ = {isa = PBXFileReference; lastKnownFileType = file; path = "Fontfabric - Intro Bold Italic.ttf"; sourceTree = "<group>"; };
		4D83F624214177BC0036FE28 /* Fontfabric - Intro Cond Black Alt.ttf */ = {isa = PBXFileReference; lastKnownFileType = file; path = "Fontfabric - Intro Cond Black Alt.ttf"; sourceTree = "<group>"; };
		4D83F625214177BC0036FE28 /* Fontfabric - Intro Cond Black Italic.ttf */ = {isa = PBXFileReference; lastKnownFileType = file; path = "Fontfabric - Intro Cond Black Italic.ttf"; sourceTree = "<group>"; };
		4D83F626214177BC0036FE28 /* Fontfabric - Intro Regular Italic.ttf */ = {isa = PBXFileReference; lastKnownFileType = file; path = "Fontfabric - Intro Regular Italic.ttf"; sourceTree = "<group>"; };
		4D83F627214177BC0036FE28 /* Fontfabric - Intro Cond Thin Alt.ttf */ = {isa = PBXFileReference; lastKnownFileType = file; path = "Fontfabric - Intro Cond Thin Alt.ttf"; sourceTree = "<group>"; };
		4D83F628214177BC0036FE28 /* Fontfabric - Intro Cond Light Caps.ttf */ = {isa = PBXFileReference; lastKnownFileType = file; path = "Fontfabric - Intro Cond Light Caps.ttf"; sourceTree = "<group>"; };
		4D83F629214177BC0036FE28 /* Fontfabric - Intro Cond SemiBold Caps.ttf */ = {isa = PBXFileReference; lastKnownFileType = file; path = "Fontfabric - Intro Cond SemiBold Caps.ttf"; sourceTree = "<group>"; };
		4D83F62A214177BC0036FE28 /* Fontfabric - Intro SemiBold Caps.ttf */ = {isa = PBXFileReference; lastKnownFileType = file; path = "Fontfabric - Intro SemiBold Caps.ttf"; sourceTree = "<group>"; };
		4D83F62B214177BC0036FE28 /* Fontfabric - Intro SemiBold Italic.ttf */ = {isa = PBXFileReference; lastKnownFileType = file; path = "Fontfabric - Intro SemiBold Italic.ttf"; sourceTree = "<group>"; };
		4D83F62C214177BC0036FE28 /* Fontfabric - Intro Thin Caps.ttf */ = {isa = PBXFileReference; lastKnownFileType = file; path = "Fontfabric - Intro Thin Caps.ttf"; sourceTree = "<group>"; };
		4D83F62D214177BC0036FE28 /* Fontfabric - Intro Thin Alt.ttf */ = {isa = PBXFileReference; lastKnownFileType = file; path = "Fontfabric - Intro Thin Alt.ttf"; sourceTree = "<group>"; };
		4D83F62E214177BC0036FE28 /* Fontfabric - Intro Black.ttf */ = {isa = PBXFileReference; lastKnownFileType = file; path = "Fontfabric - Intro Black.ttf"; sourceTree = "<group>"; };
		4D83F62F214177BC0036FE28 /* Fontfabric - Intro Cond Black.ttf */ = {isa = PBXFileReference; lastKnownFileType = file; path = "Fontfabric - Intro Cond Black.ttf"; sourceTree = "<group>"; };
		4D83F630214177BC0036FE28 /* Fontfabric - Intro Cond Bold.ttf */ = {isa = PBXFileReference; lastKnownFileType = file; path = "Fontfabric - Intro Cond Bold.ttf"; sourceTree = "<group>"; };
		4D83F631214177BC0036FE28 /* Fontfabric - Intro Cond Bold Caps.ttf */ = {isa = PBXFileReference; lastKnownFileType = file; path = "Fontfabric - Intro Cond Bold Caps.ttf"; sourceTree = "<group>"; };
		4D83F632214177BC0036FE28 /* Fontfabric - Intro Cond Thin.ttf */ = {isa = PBXFileReference; lastKnownFileType = file; path = "Fontfabric - Intro Cond Thin.ttf"; sourceTree = "<group>"; };
		4D83F633214177BC0036FE28 /* Fontfabric - Intro Light Alt.ttf */ = {isa = PBXFileReference; lastKnownFileType = file; path = "Fontfabric - Intro Light Alt.ttf"; sourceTree = "<group>"; };
		4D83F634214177BC0036FE28 /* Fontfabric - Intro Cond SemiBold Italic.ttf */ = {isa = PBXFileReference; lastKnownFileType = file; path = "Fontfabric - Intro Cond SemiBold Italic.ttf"; sourceTree = "<group>"; };
		4D83F635214177BC0036FE28 /* Fontfabric - Intro Black Inline.ttf */ = {isa = PBXFileReference; lastKnownFileType = file; path = "Fontfabric - Intro Black Inline.ttf"; sourceTree = "<group>"; };
		4D83F636214177BC0036FE28 /* Fontfabric - Intro Black Italic.ttf */ = {isa = PBXFileReference; lastKnownFileType = file; path = "Fontfabric - Intro Black Italic.ttf"; sourceTree = "<group>"; };
		4D83F637214177BC0036FE28 /* Fontfabric - Intro Cond Regular.ttf */ = {isa = PBXFileReference; lastKnownFileType = file; path = "Fontfabric - Intro Cond Regular.ttf"; sourceTree = "<group>"; };
		4D83F638214177BC0036FE28 /* Fontfabric - Intro Cond Black Caps.ttf */ = {isa = PBXFileReference; lastKnownFileType = file; path = "Fontfabric - Intro Cond Black Caps.ttf"; sourceTree = "<group>"; };
		4D83F639214177BC0036FE28 /* Fontfabric - IntroLightCaps.otf */ = {isa = PBXFileReference; lastKnownFileType = file; path = "Fontfabric - IntroLightCaps.otf"; sourceTree = "<group>"; };
		4D83F63A214177BC0036FE28 /* Fontfabric - IntroSemiBoldItalic.otf */ = {isa = PBXFileReference; lastKnownFileType = file; path = "Fontfabric - IntroSemiBoldItalic.otf"; sourceTree = "<group>"; };
		4D83F63B214177BC0036FE28 /* Fontfabric - IntroLightItalic.otf */ = {isa = PBXFileReference; lastKnownFileType = file; path = "Fontfabric - IntroLightItalic.otf"; sourceTree = "<group>"; };
		4D83F63C214177BC0036FE28 /* Fontfabric - IntroCondSemiBold.otf */ = {isa = PBXFileReference; lastKnownFileType = file; path = "Fontfabric - IntroCondSemiBold.otf"; sourceTree = "<group>"; };
		4D83F63D214177BC0036FE28 /* Fontfabric - IntroCondLightItalic.otf */ = {isa = PBXFileReference; lastKnownFileType = file; path = "Fontfabric - IntroCondLightItalic.otf"; sourceTree = "<group>"; };
		4D83F63E214177BC0036FE28 /* Fontfabric - IntroThinItalic.otf */ = {isa = PBXFileReference; lastKnownFileType = file; path = "Fontfabric - IntroThinItalic.otf"; sourceTree = "<group>"; };
		4D83F63F214177BC0036FE28 /* Fontfabric - IntroCondBoldCaps.otf */ = {isa = PBXFileReference; lastKnownFileType = file; path = "Fontfabric - IntroCondBoldCaps.otf"; sourceTree = "<group>"; };
		4D83F640214177BC0036FE28 /* Fontfabric - IntroLight.otf */ = {isa = PBXFileReference; lastKnownFileType = file; path = "Fontfabric - IntroLight.otf"; sourceTree = "<group>"; };
		4D83F641214177BC0036FE28 /* Fontfabric - IntroCondLightAlt.otf */ = {isa = PBXFileReference; lastKnownFileType = file; path = "Fontfabric - IntroCondLightAlt.otf"; sourceTree = "<group>"; };
		4DB5C6622147027400B71535 /* ObjectCache.swift */ = {isa = PBXFileReference; lastKnownFileType = sourcecode.swift; path = ObjectCache.swift; sourceTree = "<group>"; };
		4DB5C6642147A74D00B71535 /* PanelViewModel.swift */ = {isa = PBXFileReference; lastKnownFileType = sourcecode.swift; path = PanelViewModel.swift; sourceTree = "<group>"; };
		4DB5C6682147AD1D00B71535 /* AveragingTests.swift */ = {isa = PBXFileReference; lastKnownFileType = sourcecode.swift; path = AveragingTests.swift; sourceTree = "<group>"; };
		4DB5C6722147D6F200B71535 /* CalculateHelper.swift */ = {isa = PBXFileReference; lastKnownFileType = sourcecode.swift; path = CalculateHelper.swift; sourceTree = "<group>"; };
		4DC3E0F92145CEEE00017F50 /* SideMenuTableViewController.swift */ = {isa = PBXFileReference; lastKnownFileType = sourcecode.swift; path = SideMenuTableViewController.swift; sourceTree = "<group>"; };
		4DE0F1682144FA2A00C31B27 /* GraphView.swift */ = {isa = PBXFileReference; lastKnownFileType = sourcecode.swift; path = GraphView.swift; sourceTree = "<group>"; };
		4DE0F16C2145024700C31B27 /* SlideOneView.swift */ = {isa = PBXFileReference; lastKnownFileType = sourcecode.swift; path = SlideOneView.swift; sourceTree = "<group>"; };
		4DE0F16E2145025600C31B27 /* SlideTwoView.swift */ = {isa = PBXFileReference; lastKnownFileType = sourcecode.swift; path = SlideTwoView.swift; sourceTree = "<group>"; };
		4DE0F170214502A900C31B27 /* SlideOneView.xib */ = {isa = PBXFileReference; lastKnownFileType = file.xib; path = SlideOneView.xib; sourceTree = "<group>"; };
		4DE0F174214503A900C31B27 /* SlideTypeBreakDownView.xib */ = {isa = PBXFileReference; lastKnownFileType = file.xib; path = SlideTypeBreakDownView.xib; sourceTree = "<group>"; };
		4DE0F176214506D700C31B27 /* SlideCollectionView.swift */ = {isa = PBXFileReference; lastKnownFileType = sourcecode.swift; path = SlideCollectionView.swift; sourceTree = "<group>"; };
		74358576FD31B1B6E7057895 /* Pods-CornerDemoTests.debug.xcconfig */ = {isa = PBXFileReference; includeInIndex = 1; lastKnownFileType = text.xcconfig; name = "Pods-CornerDemoTests.debug.xcconfig"; path = "Pods/Target Support Files/Pods-CornerDemoTests/Pods-CornerDemoTests.debug.xcconfig"; sourceTree = "<group>"; };
		8DFB2CD3702892B0C03D0900 /* Pods-CornerDemo.release.xcconfig */ = {isa = PBXFileReference; includeInIndex = 1; lastKnownFileType = text.xcconfig; name = "Pods-CornerDemo.release.xcconfig"; path = "Pods/Target Support Files/Pods-CornerDemo/Pods-CornerDemo.release.xcconfig"; sourceTree = "<group>"; };
		9AD58BB7336BE2621B6375A6 /* Pods-CornerDemoTests.release.xcconfig */ = {isa = PBXFileReference; includeInIndex = 1; lastKnownFileType = text.xcconfig; name = "Pods-CornerDemoTests.release.xcconfig"; path = "Pods/Target Support Files/Pods-CornerDemoTests/Pods-CornerDemoTests.release.xcconfig"; sourceTree = "<group>"; };
		A50152E38998B8BF4533CD5D /* Pods_CornerDemoTests.framework */ = {isa = PBXFileReference; explicitFileType = wrapper.framework; includeInIndex = 0; path = Pods_CornerDemoTests.framework; sourceTree = BUILT_PRODUCTS_DIR; };
/* End PBXFileReference section */

/* Begin PBXFrameworksBuildPhase section */
		4D83F58D21414D380036FE28 /* Frameworks */ = {
			isa = PBXFrameworksBuildPhase;
			buildActionMask = 2147483647;
			files = (
				475BD049745679C7A0088514 /* Pods_CornerDemo.framework in Frameworks */,
			);
			runOnlyForDeploymentPostprocessing = 0;
		};
		4D83F5A121414D3A0036FE28 /* Frameworks */ = {
			isa = PBXFrameworksBuildPhase;
			buildActionMask = 2147483647;
			files = (
				F99BDF833B83CE94E35F68DD /* Pods_CornerDemoTests.framework in Frameworks */,
			);
			runOnlyForDeploymentPostprocessing = 0;
		};
/* End PBXFrameworksBuildPhase section */

/* Begin PBXGroup section */
		4367C804AC7D9A66BFED8CE2 /* Pods */ = {
			isa = PBXGroup;
			children = (
				43B289F5B2D6D733F8886FB9 /* Pods-CornerDemo.debug.xcconfig */,
				8DFB2CD3702892B0C03D0900 /* Pods-CornerDemo.release.xcconfig */,
				74358576FD31B1B6E7057895 /* Pods-CornerDemoTests.debug.xcconfig */,
				9AD58BB7336BE2621B6375A6 /* Pods-CornerDemoTests.release.xcconfig */,
			);
			name = Pods;
			sourceTree = "<group>";
		};
		4D83F58721414D380036FE28 = {
			isa = PBXGroup;
			children = (
				4D83F59221414D380036FE28 /* CornerDemo */,
				4D83F5A721414D3A0036FE28 /* CornerDemoTests */,
				4D83F59121414D380036FE28 /* Products */,
				4367C804AC7D9A66BFED8CE2 /* Pods */,
				660AC012B16C38BB839BC16C /* Frameworks */,
			);
			sourceTree = "<group>";
		};
		4D83F59121414D380036FE28 /* Products */ = {
			isa = PBXGroup;
			children = (
				4D83F59021414D380036FE28 /* CornerDemo.app */,
				4D83F5A421414D3A0036FE28 /* CornerDemoTests.xctest */,
			);
			name = Products;
			sourceTree = "<group>";
		};
		4D83F59221414D380036FE28 /* CornerDemo */ = {
			isa = PBXGroup;
			children = (
				4D83F5DA214177BC0036FE28 /* Fonts */,
				4D83F5B521414DE70036FE28 /* CSV */,
				4D83F59321414D380036FE28 /* AppDelegate.swift */,
				4D83F59521414D380036FE28 /* ViewController.swift */,
				4DC3E0F92145CEEE00017F50 /* SideMenuTableViewController.swift */,
				4D83F59721414D380036FE28 /* Main.storyboard */,
				4D83F59A21414D3A0036FE28 /* Assets.xcassets */,
				4D83F59C21414D3A0036FE28 /* LaunchScreen.storyboard */,
				4D83F59F21414D3A0036FE28 /* Info.plist */,
				4D83F5C1214158330036FE28 /* Views */,
				4D83F5C0214158260036FE28 /* Models */,
			);
			path = CornerDemo;
			sourceTree = "<group>";
		};
		4D83F5A721414D3A0036FE28 /* CornerDemoTests */ = {
			isa = PBXGroup;
			children = (
				4D83F5A821414D3A0036FE28 /* CornerDemoTests.swift */,
				4D83F5AA21414D3A0036FE28 /* Info.plist */,
				4D83F5C621415E030036FE28 /* HandPunchTests.swift */,
				4DB5C6682147AD1D00B71535 /* AveragingTests.swift */,
			);
			path = CornerDemoTests;
			sourceTree = "<group>";
		};
		4D83F5B521414DE70036FE28 /* CSV */ = {
			isa = PBXGroup;
			children = (
				4D83F5B321414DE10036FE28 /* Round1.csv */,
			);
			path = CSV;
			sourceTree = "<group>";
		};
		4D83F5C0214158260036FE28 /* Models */ = {
			isa = PBXGroup;
			children = (
				4D83F5BE214157D20036FE28 /* Enums.swift */,
				4D83F5C22141586B0036FE28 /* Round.swift */,
				4D83F5C421415B190036FE28 /* RoundData.swift */,
				4D83F5CA21416E0E0036FE28 /* HexColors.swift */,
				4D8005682143D813002044E5 /* Extensions.swift */,
				4DB5C6622147027400B71535 /* ObjectCache.swift */,
				4DB5C6722147D6F200B71535 /* CalculateHelper.swift */,
			);
			path = Models;
			sourceTree = "<group>";
		};
		4D83F5C1214158330036FE28 /* Views */ = {
			isa = PBXGroup;
			children = (
				4DB5C6662147A76100B71535 /* ViewModels */,
				4D77714C2146BF9300B9C26F /* PanelCollectionView.swift */,
				4D83F5B8214156670036FE28 /* PanelView.swift */,
				4D83F5B621414E6C0036FE28 /* PanelView.xib */,
				4D80055E2143BE14002044E5 /* ToolbarView.swift */,
				4D8005602143BE49002044E5 /* ToolbarView.xib */,
				4DE0F1682144FA2A00C31B27 /* GraphView.swift */,
				4DE0F176214506D700C31B27 /* SlideCollectionView.swift */,
				4DE0F16C2145024700C31B27 /* SlideOneView.swift */,
				4DE0F170214502A900C31B27 /* SlideOneView.xib */,
				4DE0F174214503A900C31B27 /* SlideTypeBreakDownView.xib */,
				4DE0F16E2145025600C31B27 /* SlideTwoView.swift */,
			);
			path = Views;
			sourceTree = "<group>";
		};
		4D83F5DA214177BC0036FE28 /* Fonts */ = {
			isa = PBXGroup;
			children = (
				4D83F5DB214177BC0036FE28 /* Fontfabric - IntroCondThinItalic.otf */,
				4D83F5DC214177BC0036FE28 /* Fontfabric - IntroCondRegularItalic.otf */,
				4D83F5DD214177BC0036FE28 /* Fontfabric - IntroCondSemiBoldItalic.otf */,
				4D83F5DE214177BC0036FE28 /* Fontfabric - IntroCondBoldItalic.otf */,
				4D83F5DF214177BC0036FE28 /* Fontfabric - IntroBlack.otf */,
				4D83F5E0214177BC0036FE28 /* Fontfabric - IntroCondLight.otf */,
				4D83F5E1214177BC0036FE28 /* Fontfabric - IntroCondThinCaps.otf */,
				4D83F5E2214177BC0036FE28 /* Licenses */,
				4D83F5E4214177BC0036FE28 /* Fontfabric - IntroCondLightCaps.otf */,
				4D83F5E5214177BC0036FE28 /* Fontfabric - IntroCondBlackAlt.otf */,
				4D83F5E6214177BC0036FE28 /* Fontfabric - IntroSemiBold.otf */,
				4D83F5E7214177BC0036FE28 /* Fontfabric - IntroRegularCaps.otf */,
				4D83F5E8214177BC0036FE28 /* Fontfabric - IntroCondRegularCaps.otf */,
				4D83F5E9214177BC0036FE28 /* Fontfabric - IntroRegularAlt.otf */,
				4D83F5EA214177BC0036FE28 /* Fontfabric - IntroCondBoldAlt.otf */,
				4D83F5EB214177BC0036FE28 /* Fontfabric - IntroCondThinAlt.otf */,
				4D83F5EC214177BC0036FE28 /* Fontfabric - IntroSemiBoldCaps.otf */,
				4D83F5ED214177BC0036FE28 /* Fontfabric - IntroLightAlt.otf */,
				4D83F5EE214177BC0036FE28 /* Fontfabric - IntroBlackInlineCaps.otf */,
				4D83F5EF214177BC0036FE28 /* Fontfabric - IntroBlackCaps.otf */,
				4D83F5F0214177BC0036FE28 /* Fontfabric - IntroBoldAlt.otf */,
				4D83F5F1214177BC0036FE28 /* Fontfabric - IntroThinAlt.otf */,
				4D83F5F2214177BC0036FE28 /* Fontfabric - IntroBoldCaps.otf */,
				4D83F5F3214177BC0036FE28 /* Fontfabric - IntroCondRegular.otf */,
				4D83F5F4214177BC0036FE28 /* Fontfabric - IntroCondRegularAlt.otf */,
				4D83F5F5214177BC0036FE28 /* Fontfabric - IntroCondBlackCaps.otf */,
				4D83F5F6214177BC0036FE28 /* Fontfabric - IntroThin.otf */,
				4D83F5F7214177BC0036FE28 /* Fontfabric - IntroCondThin.otf */,
				4D83F5F8214177BC0036FE28 /* Fontfabric - IntroRegular.otf */,
				4D83F5F9214177BC0036FE28 /* Fontfabric - IntroCondBold.otf */,
				4D83F5FA214177BC0036FE28 /* Fontfabric - IntroThinCaps.otf */,
				4D83F5FB214177BC0036FE28 /* Fontfabric - IntroBlackInline.otf */,
				4D83F5FC214177BC0036FE28 /* Fontfabric - IntroBlackItalic.otf */,
				4D83F5FD214177BC0036FE28 /* Fontfabric - IntroBold.otf */,
				4D83F5FE214177BC0036FE28 /* Fontfabric - IntroBlackAlt.otf */,
				4D83F5FF214177BC0036FE28 /* Fontfabric - IntroCondSemiBoldAlt.otf */,
				4D83F600214177BC0036FE28 /* Fontfabric - IntroCondBlackItalic.otf */,
				4D83F601214177BC0036FE28 /* Fontfabric - IntroSemiBoldAlt.otf */,
				4D83F602214177BC0036FE28 /* Fontfabric - IntroRegularItalic.otf */,
				4D83F603214177BC0036FE28 /* Fontfabric - IntroCondSemiBoldCaps.otf */,
				4D83F604214177BC0036FE28 /* Fontfabric - IntroBoldItalic.otf */,
				4D83F605214177BC0036FE28 /* Fontfabric - IntroCondBlack.otf */,
				4D83F606214177BC0036FE28 /* Alternative files */,
				4D83F639214177BC0036FE28 /* Fontfabric - IntroLightCaps.otf */,
				4D83F63A214177BC0036FE28 /* Fontfabric - IntroSemiBoldItalic.otf */,
				4D83F63B214177BC0036FE28 /* Fontfabric - IntroLightItalic.otf */,
				4D83F63C214177BC0036FE28 /* Fontfabric - IntroCondSemiBold.otf */,
				4D83F63D214177BC0036FE28 /* Fontfabric - IntroCondLightItalic.otf */,
				4D83F63E214177BC0036FE28 /* Fontfabric - IntroThinItalic.otf */,
				4D83F63F214177BC0036FE28 /* Fontfabric - IntroCondBoldCaps.otf */,
				4D83F640214177BC0036FE28 /* Fontfabric - IntroLight.otf */,
				4D83F641214177BC0036FE28 /* Fontfabric - IntroCondLightAlt.otf */,
			);
			path = Fonts;
			sourceTree = "<group>";
		};
		4D83F5E2214177BC0036FE28 /* Licenses */ = {
			isa = PBXGroup;
			children = (
				4D83F5E3214177BC0036FE28 /* Fontfabric Standard Font License.html */,
			);
			path = Licenses;
			sourceTree = "<group>";
		};
		4D83F606214177BC0036FE28 /* Alternative files */ = {
			isa = PBXGroup;
			children = (
				4D83F607214177BC0036FE28 /* Fontfabric - Intro Thin.ttf */,
				4D83F608214177BC0036FE28 /* Fontfabric - Intro Thin Italic.ttf */,
				4D83F609214177BC0036FE28 /* Fontfabric - Intro Black Inline Caps.ttf */,
				4D83F60A214177BC0036FE28 /* Fontfabric - Intro Cond Regular Italic.ttf */,
				4D83F60B214177BC0036FE28 /* Fontfabric - Intro Bold Alt.ttf */,
				4D83F60C214177BC0036FE28 /* Fontfabric - Intro Cond Light Italic.ttf */,
				4D83F60D214177BC0036FE28 /* Fontfabric - Intro Black Caps.ttf */,
				4D83F60E214177BC0036FE28 /* Fontfabric - Intro Cond Bold Italic.ttf */,
				4D83F60F214177BC0036FE28 /* Fontfabric - Intro Cond Light.ttf */,
				4D83F610214177BC0036FE28 /* Fontfabric - Intro Cond Light Alt.ttf */,
				4D83F611214177BC0036FE28 /* Fontfabric - Intro Regular Caps.ttf */,
				4D83F612214177BC0036FE28 /* Fontfabric - Intro Light.ttf */,
				4D83F613214177BC0036FE28 /* Fontfabric - Intro Bold Caps.ttf */,
				4D83F614214177BC0036FE28 /* Fontfabric - Intro Cond Regular Alt.ttf */,
				4D83F615214177BC0036FE28 /* Fontfabric - Intro Cond SemiBold Alt.ttf */,
				4D83F616214177BC0036FE28 /* Fontfabric - Intro Cond SemiBold.ttf */,
				4D83F617214177BC0036FE28 /* Fontfabric - Intro Bold.ttf */,
				4D83F618214177BC0036FE28 /* Fontfabric - Intro Black Alt.ttf */,
				4D83F619214177BC0036FE28 /* Fontfabric - Intro Light Caps.ttf */,
				4D83F61A214177BC0036FE28 /* Fontfabric - Intro Regular Alt.ttf */,
				4D83F61B214177BC0036FE28 /* Fontfabric - Intro SemiBold Alt.ttf */,
				4D83F61C214177BC0036FE28 /* Fontfabric - Intro SemiBold.ttf */,
				4D83F61D214177BC0036FE28 /* Fontfabric - Intro Regular.ttf */,
				4D83F61E214177BC0036FE28 /* Fontfabric - Intro Cond Regular Caps.ttf */,
				4D83F61F214177BC0036FE28 /* Fontfabric - Intro Light Italic.ttf */,
				4D83F620214177BC0036FE28 /* Fontfabric - Intro Cond Thin Italic.ttf */,
				4D83F621214177BC0036FE28 /* Fontfabric - Intro Cond Bold Alt.ttf */,
				4D83F622214177BC0036FE28 /* Fontfabric - Intro Cond Thin Caps.ttf */,
				4D83F623214177BC0036FE28 /* Fontfabric - Intro Bold Italic.ttf */,
				4D83F624214177BC0036FE28 /* Fontfabric - Intro Cond Black Alt.ttf */,
				4D83F625214177BC0036FE28 /* Fontfabric - Intro Cond Black Italic.ttf */,
				4D83F626214177BC0036FE28 /* Fontfabric - Intro Regular Italic.ttf */,
				4D83F627214177BC0036FE28 /* Fontfabric - Intro Cond Thin Alt.ttf */,
				4D83F628214177BC0036FE28 /* Fontfabric - Intro Cond Light Caps.ttf */,
				4D83F629214177BC0036FE28 /* Fontfabric - Intro Cond SemiBold Caps.ttf */,
				4D83F62A214177BC0036FE28 /* Fontfabric - Intro SemiBold Caps.ttf */,
				4D83F62B214177BC0036FE28 /* Fontfabric - Intro SemiBold Italic.ttf */,
				4D83F62C214177BC0036FE28 /* Fontfabric - Intro Thin Caps.ttf */,
				4D83F62D214177BC0036FE28 /* Fontfabric - Intro Thin Alt.ttf */,
				4D83F62E214177BC0036FE28 /* Fontfabric - Intro Black.ttf */,
				4D83F62F214177BC0036FE28 /* Fontfabric - Intro Cond Black.ttf */,
				4D83F630214177BC0036FE28 /* Fontfabric - Intro Cond Bold.ttf */,
				4D83F631214177BC0036FE28 /* Fontfabric - Intro Cond Bold Caps.ttf */,
				4D83F632214177BC0036FE28 /* Fontfabric - Intro Cond Thin.ttf */,
				4D83F633214177BC0036FE28 /* Fontfabric - Intro Light Alt.ttf */,
				4D83F634214177BC0036FE28 /* Fontfabric - Intro Cond SemiBold Italic.ttf */,
				4D83F635214177BC0036FE28 /* Fontfabric - Intro Black Inline.ttf */,
				4D83F636214177BC0036FE28 /* Fontfabric - Intro Black Italic.ttf */,
				4D83F637214177BC0036FE28 /* Fontfabric - Intro Cond Regular.ttf */,
				4D83F638214177BC0036FE28 /* Fontfabric - Intro Cond Black Caps.ttf */,
			);
			path = "Alternative files";
			sourceTree = "<group>";
		};
		4DB5C6662147A76100B71535 /* ViewModels */ = {
			isa = PBXGroup;
			children = (
				4DB5C6642147A74D00B71535 /* PanelViewModel.swift */,
				4D83F5C8214160C60036FE28 /* RoundViewModel.swift */,
			);
			path = ViewModels;
			sourceTree = "<group>";
		};
		660AC012B16C38BB839BC16C /* Frameworks */ = {
			isa = PBXGroup;
			children = (
				02E3D17990703FFF490AF024 /* Pods_CornerDemo.framework */,
				A50152E38998B8BF4533CD5D /* Pods_CornerDemoTests.framework */,
			);
			name = Frameworks;
			sourceTree = "<group>";
		};
/* End PBXGroup section */

/* Begin PBXNativeTarget section */
		4D83F58F21414D380036FE28 /* CornerDemo */ = {
			isa = PBXNativeTarget;
			buildConfigurationList = 4D83F5AD21414D3A0036FE28 /* Build configuration list for PBXNativeTarget "CornerDemo" */;
			buildPhases = (
				3F51FDEE747B93D3473C307B /* [CP] Check Pods Manifest.lock */,
				4D83F58C21414D380036FE28 /* Sources */,
				4D83F58D21414D380036FE28 /* Frameworks */,
				4D83F58E21414D380036FE28 /* Resources */,
				3B4A9EB44527D65BB57D94D7 /* [CP] Embed Pods Frameworks */,
			);
			buildRules = (
			);
			dependencies = (
			);
			name = CornerDemo;
			productName = CornerDemo;
			productReference = 4D83F59021414D380036FE28 /* CornerDemo.app */;
			productType = "com.apple.product-type.application";
		};
		4D83F5A321414D3A0036FE28 /* CornerDemoTests */ = {
			isa = PBXNativeTarget;
			buildConfigurationList = 4D83F5B021414D3A0036FE28 /* Build configuration list for PBXNativeTarget "CornerDemoTests" */;
			buildPhases = (
				CB54CD544BC1E0E17373C8B4 /* [CP] Check Pods Manifest.lock */,
				4D83F5A021414D3A0036FE28 /* Sources */,
				4D83F5A121414D3A0036FE28 /* Frameworks */,
				4D83F5A221414D3A0036FE28 /* Resources */,
			);
			buildRules = (
			);
			dependencies = (
				4D83F5A621414D3A0036FE28 /* PBXTargetDependency */,
			);
			name = CornerDemoTests;
			productName = CornerDemoTests;
			productReference = 4D83F5A421414D3A0036FE28 /* CornerDemoTests.xctest */;
			productType = "com.apple.product-type.bundle.unit-test";
		};
/* End PBXNativeTarget section */

/* Begin PBXProject section */
		4D83F58821414D380036FE28 /* Project object */ = {
			isa = PBXProject;
			attributes = {
				LastSwiftUpdateCheck = 0940;
				LastUpgradeCheck = 0940;
				ORGANIZATIONNAME = Amarjit;
				TargetAttributes = {
					4D83F58F21414D380036FE28 = {
						CreatedOnToolsVersion = 9.4.1;
					};
					4D83F5A321414D3A0036FE28 = {
						CreatedOnToolsVersion = 9.4.1;
						TestTargetID = 4D83F58F21414D380036FE28;
					};
				};
			};
			buildConfigurationList = 4D83F58B21414D380036FE28 /* Build configuration list for PBXProject "CornerDemo" */;
			compatibilityVersion = "Xcode 9.3";
			developmentRegion = en;
			hasScannedForEncodings = 0;
			knownRegions = (
				en,
				Base,
			);
			mainGroup = 4D83F58721414D380036FE28;
			productRefGroup = 4D83F59121414D380036FE28 /* Products */;
			projectDirPath = "";
			projectRoot = "";
			targets = (
				4D83F58F21414D380036FE28 /* CornerDemo */,
				4D83F5A321414D3A0036FE28 /* CornerDemoTests */,
			);
		};
/* End PBXProject section */

/* Begin PBXResourcesBuildPhase section */
		4D83F58E21414D380036FE28 /* Resources */ = {
			isa = PBXResourcesBuildPhase;
			buildActionMask = 2147483647;
			files = (
				4D83F64E214177BC0036FE28 /* Fontfabric - IntroCondRegularCaps.otf in Resources */,
				4D83F685214177BC0036FE28 /* Fontfabric - Intro Cond Thin Italic.ttf in Resources */,
				4D83F681214177BC0036FE28 /* Fontfabric - Intro SemiBold.ttf in Resources */,
				4D83F67E214177BC0036FE28 /* Fontfabric - Intro Light Caps.ttf in Resources */,
				4D83F59E21414D3A0036FE28 /* LaunchScreen.storyboard in Resources */,
				4D83F684214177BC0036FE28 /* Fontfabric - Intro Light Italic.ttf in Resources */,
				4D83F664214177BC0036FE28 /* Fontfabric - IntroBlackAlt.otf in Resources */,
				4D83F676214177BC0036FE28 /* Fontfabric - Intro Regular Caps.ttf in Resources */,
				4D83F642214177BC0036FE28 /* Fontfabric - IntroCondThinItalic.otf in Resources */,
				4D83F670214177BC0036FE28 /* Fontfabric - Intro Bold Alt.ttf in Resources */,
				4D83F699214177BC0036FE28 /* Fontfabric - Intro Cond SemiBold Italic.ttf in Resources */,
				4D83F68A214177BC0036FE28 /* Fontfabric - Intro Cond Black Italic.ttf in Resources */,
				4D83F66B214177BC0036FE28 /* Fontfabric - IntroCondBlack.otf in Resources */,
				4D83F663214177BC0036FE28 /* Fontfabric - IntroBold.otf in Resources */,
				4D83F693214177BC0036FE28 /* Fontfabric - Intro Black.ttf in Resources */,
				4D83F688214177BC0036FE28 /* Fontfabric - Intro Bold Italic.ttf in Resources */,
				4D83F648214177BC0036FE28 /* Fontfabric - IntroCondThinCaps.otf in Resources */,
				4D83F68F214177BC0036FE28 /* Fontfabric - Intro SemiBold Caps.ttf in Resources */,
				4D83F667214177BC0036FE28 /* Fontfabric - IntroSemiBoldAlt.otf in Resources */,
				4D83F662214177BC0036FE28 /* Fontfabric - IntroBlackItalic.otf in Resources */,
				4D83F6A4214177BC0036FE28 /* Fontfabric - IntroCondBoldCaps.otf in Resources */,
				4D83F692214177BC0036FE28 /* Fontfabric - Intro Thin Alt.ttf in Resources */,
				4D83F5B421414DE10036FE28 /* Round1.csv in Resources */,
				4D83F666214177BC0036FE28 /* Fontfabric - IntroCondBlackItalic.otf in Resources */,
				4D83F66D214177BC0036FE28 /* Fontfabric - Intro Thin Italic.ttf in Resources */,
				4D83F68E214177BC0036FE28 /* Fontfabric - Intro Cond SemiBold Caps.ttf in Resources */,
				4D83F675214177BC0036FE28 /* Fontfabric - Intro Cond Light Alt.ttf in Resources */,
				4D83F59B21414D3A0036FE28 /* Assets.xcassets in Resources */,
				4D83F67D214177BC0036FE28 /* Fontfabric - Intro Black Alt.ttf in Resources */,
				4D83F671214177BC0036FE28 /* Fontfabric - Intro Cond Light Italic.ttf in Resources */,
				4D83F697214177BC0036FE28 /* Fontfabric - Intro Cond Thin.ttf in Resources */,
				4D83F646214177BC0036FE28 /* Fontfabric - IntroBlack.otf in Resources */,
				4D83F68D214177BC0036FE28 /* Fontfabric - Intro Cond Light Caps.ttf in Resources */,
				4D83F691214177BC0036FE28 /* Fontfabric - Intro Thin Caps.ttf in Resources */,
				4D83F674214177BC0036FE28 /* Fontfabric - Intro Cond Light.ttf in Resources */,
				4D83F677214177BC0036FE28 /* Fontfabric - Intro Light.ttf in Resources */,
				4DE0F175214503A900C31B27 /* SlideTypeBreakDownView.xib in Resources */,
				4D83F655214177BC0036FE28 /* Fontfabric - IntroBlackCaps.otf in Resources */,
				4D83F683214177BC0036FE28 /* Fontfabric - Intro Cond Regular Caps.ttf in Resources */,
				4D83F66F214177BC0036FE28 /* Fontfabric - Intro Cond Regular Italic.ttf in Resources */,
				4D83F672214177BC0036FE28 /* Fontfabric - Intro Black Caps.ttf in Resources */,
				4D83F668214177BC0036FE28 /* Fontfabric - IntroRegularItalic.otf in Resources */,
				4D83F66A214177BC0036FE28 /* Fontfabric - IntroBoldItalic.otf in Resources */,
				4D83F67A214177BC0036FE28 /* Fontfabric - Intro Cond SemiBold Alt.ttf in Resources */,
				4D83F69F214177BC0036FE28 /* Fontfabric - IntroSemiBoldItalic.otf in Resources */,
				4D83F653214177BC0036FE28 /* Fontfabric - IntroLightAlt.otf in Resources */,
				4D83F67B214177BC0036FE28 /* Fontfabric - Intro Cond SemiBold.ttf in Resources */,
				4D83F69C214177BC0036FE28 /* Fontfabric - Intro Cond Regular.ttf in Resources */,
				4D83F682214177BC0036FE28 /* Fontfabric - Intro Regular.ttf in Resources */,
				4D83F66C214177BC0036FE28 /* Fontfabric - Intro Thin.ttf in Resources */,
				4D83F64F214177BC0036FE28 /* Fontfabric - IntroRegularAlt.otf in Resources */,
				4D83F643214177BC0036FE28 /* Fontfabric - IntroCondRegularItalic.otf in Resources */,
				4D83F59921414D380036FE28 /* Main.storyboard in Resources */,
				4D83F69D214177BC0036FE28 /* Fontfabric - Intro Cond Black Caps.ttf in Resources */,
				4D83F64D214177BC0036FE28 /* Fontfabric - IntroRegularCaps.otf in Resources */,
				4D83F650214177BC0036FE28 /* Fontfabric - IntroCondBoldAlt.otf in Resources */,
				4D83F65F214177BC0036FE28 /* Fontfabric - IntroCondBold.otf in Resources */,
				4D83F6A1214177BC0036FE28 /* Fontfabric - IntroCondSemiBold.otf in Resources */,
				4D8005612143BE49002044E5 /* ToolbarView.xib in Resources */,
				4D83F64B214177BC0036FE28 /* Fontfabric - IntroCondBlackAlt.otf in Resources */,
				4D83F65E214177BC0036FE28 /* Fontfabric - IntroRegular.otf in Resources */,
				4D83F689214177BC0036FE28 /* Fontfabric - Intro Cond Black Alt.ttf in Resources */,
				4D83F665214177BC0036FE28 /* Fontfabric - IntroCondSemiBoldAlt.otf in Resources */,
				4D83F65D214177BC0036FE28 /* Fontfabric - IntroCondThin.otf in Resources */,
				4DE0F171214502A900C31B27 /* SlideOneView.xib in Resources */,
				4D83F656214177BC0036FE28 /* Fontfabric - IntroBoldAlt.otf in Resources */,
				4D83F65B214177BC0036FE28 /* Fontfabric - IntroCondBlackCaps.otf in Resources */,
				4D83F657214177BC0036FE28 /* Fontfabric - IntroThinAlt.otf in Resources */,
				4D83F649214177BC0036FE28 /* Fontfabric Standard Font License.html in Resources */,
				4D83F6A5214177BC0036FE28 /* Fontfabric - IntroLight.otf in Resources */,
				4D83F5B721414E6C0036FE28 /* PanelView.xib in Resources */,
				4D83F6A3214177BC0036FE28 /* Fontfabric - IntroThinItalic.otf in Resources */,
				4D83F661214177BC0036FE28 /* Fontfabric - IntroBlackInline.otf in Resources */,
				4D83F690214177BC0036FE28 /* Fontfabric - Intro SemiBold Italic.ttf in Resources */,
				4D83F687214177BC0036FE28 /* Fontfabric - Intro Cond Thin Caps.ttf in Resources */,
				4D83F698214177BC0036FE28 /* Fontfabric - Intro Light Alt.ttf in Resources */,
				4D83F673214177BC0036FE28 /* Fontfabric - Intro Cond Bold Italic.ttf in Resources */,
				4D83F64C214177BC0036FE28 /* Fontfabric - IntroSemiBold.otf in Resources */,
				4D83F695214177BC0036FE28 /* Fontfabric - Intro Cond Bold.ttf in Resources */,
				4D83F67C214177BC0036FE28 /* Fontfabric - Intro Bold.ttf in Resources */,
				4D83F651214177BC0036FE28 /* Fontfabric - IntroCondThinAlt.otf in Resources */,
				4D83F659214177BC0036FE28 /* Fontfabric - IntroCondRegular.otf in Resources */,
				4D83F6A0214177BC0036FE28 /* Fontfabric - IntroLightItalic.otf in Resources */,
				4D83F660214177BC0036FE28 /* Fontfabric - IntroThinCaps.otf in Resources */,
				4D83F64A214177BC0036FE28 /* Fontfabric - IntroCondLightCaps.otf in Resources */,
				4D83F680214177BC0036FE28 /* Fontfabric - Intro SemiBold Alt.ttf in Resources */,
				4D83F679214177BC0036FE28 /* Fontfabric - Intro Cond Regular Alt.ttf in Resources */,
				4D83F6A2214177BC0036FE28 /* Fontfabric - IntroCondLightItalic.otf in Resources */,
				4D83F652214177BC0036FE28 /* Fontfabric - IntroSemiBoldCaps.otf in Resources */,
				4D83F647214177BC0036FE28 /* Fontfabric - IntroCondLight.otf in Resources */,
				4D83F658214177BC0036FE28 /* Fontfabric - IntroBoldCaps.otf in Resources */,
				4D83F65C214177BC0036FE28 /* Fontfabric - IntroThin.otf in Resources */,
				4D83F66E214177BC0036FE28 /* Fontfabric - Intro Black Inline Caps.ttf in Resources */,
				4D83F67F214177BC0036FE28 /* Fontfabric - Intro Regular Alt.ttf in Resources */,
				4D83F69E214177BC0036FE28 /* Fontfabric - IntroLightCaps.otf in Resources */,
				4D83F678214177BC0036FE28 /* Fontfabric - Intro Bold Caps.ttf in Resources */,
				4D83F669214177BC0036FE28 /* Fontfabric - IntroCondSemiBoldCaps.otf in Resources */,
				4D83F645214177BC0036FE28 /* Fontfabric - IntroCondBoldItalic.otf in Resources */,
				4D83F6A6214177BC0036FE28 /* Fontfabric - IntroCondLightAlt.otf in Resources */,
				4D83F65A214177BC0036FE28 /* Fontfabric - IntroCondRegularAlt.otf in Resources */,
				4D83F69A214177BC0036FE28 /* Fontfabric - Intro Black Inline.ttf in Resources */,
				4D83F686214177BC0036FE28 /* Fontfabric - Intro Cond Bold Alt.ttf in Resources */,
				4D83F68B214177BC0036FE28 /* Fontfabric - Intro Regular Italic.ttf in Resources */,
				4D83F654214177BC0036FE28 /* Fontfabric - IntroBlackInlineCaps.otf in Resources */,
				4D83F696214177BC0036FE28 /* Fontfabric - Intro Cond Bold Caps.ttf in Resources */,
				4D83F69B214177BC0036FE28 /* Fontfabric - Intro Black Italic.ttf in Resources */,
				4D83F644214177BC0036FE28 /* Fontfabric - IntroCondSemiBoldItalic.otf in Resources */,
				4D83F68C214177BC0036FE28 /* Fontfabric - Intro Cond Thin Alt.ttf in Resources */,
				4D83F694214177BC0036FE28 /* Fontfabric - Intro Cond Black.ttf in Resources */,
			);
			runOnlyForDeploymentPostprocessing = 0;
		};
		4D83F5A221414D3A0036FE28 /* Resources */ = {
			isa = PBXResourcesBuildPhase;
			buildActionMask = 2147483647;
			files = (
			);
			runOnlyForDeploymentPostprocessing = 0;
		};
/* End PBXResourcesBuildPhase section */

/* Begin PBXShellScriptBuildPhase section */
		3B4A9EB44527D65BB57D94D7 /* [CP] Embed Pods Frameworks */ = {
			isa = PBXShellScriptBuildPhase;
			buildActionMask = 2147483647;
			files = (
			);
			inputPaths = (
				"${SRCROOT}/Pods/Target Support Files/Pods-CornerDemo/Pods-CornerDemo-frameworks.sh",
				"${BUILT_PRODUCTS_DIR}/CSV.swift/CSV.framework",
				"${BUILT_PRODUCTS_DIR}/FontBlaster/FontBlaster.framework",
				"${BUILT_PRODUCTS_DIR}/SideMenu/SideMenu.framework",
				"${BUILT_PRODUCTS_DIR}/SwiftCharts/SwiftCharts.framework",
			);
			name = "[CP] Embed Pods Frameworks";
			outputPaths = (
				"${TARGET_BUILD_DIR}/${FRAMEWORKS_FOLDER_PATH}/CSV.framework",
				"${TARGET_BUILD_DIR}/${FRAMEWORKS_FOLDER_PATH}/FontBlaster.framework",
				"${TARGET_BUILD_DIR}/${FRAMEWORKS_FOLDER_PATH}/SideMenu.framework",
				"${TARGET_BUILD_DIR}/${FRAMEWORKS_FOLDER_PATH}/SwiftCharts.framework",
			);
			runOnlyForDeploymentPostprocessing = 0;
			shellPath = /bin/sh;
			shellScript = "\"${SRCROOT}/Pods/Target Support Files/Pods-CornerDemo/Pods-CornerDemo-frameworks.sh\"\n";
			showEnvVarsInLog = 0;
		};
		3F51FDEE747B93D3473C307B /* [CP] Check Pods Manifest.lock */ = {
			isa = PBXShellScriptBuildPhase;
			buildActionMask = 2147483647;
			files = (
			);
			inputPaths = (
				"${PODS_PODFILE_DIR_PATH}/Podfile.lock",
				"${PODS_ROOT}/Manifest.lock",
			);
			name = "[CP] Check Pods Manifest.lock";
			outputPaths = (
				"$(DERIVED_FILE_DIR)/Pods-CornerDemo-checkManifestLockResult.txt",
			);
			runOnlyForDeploymentPostprocessing = 0;
			shellPath = /bin/sh;
			shellScript = "diff \"${PODS_PODFILE_DIR_PATH}/Podfile.lock\" \"${PODS_ROOT}/Manifest.lock\" > /dev/null\nif [ $? != 0 ] ; then\n    # print error to STDERR\n    echo \"error: The sandbox is not in sync with the Podfile.lock. Run 'pod install' or update your CocoaPods installation.\" >&2\n    exit 1\nfi\n# This output is used by Xcode 'outputs' to avoid re-running this script phase.\necho \"SUCCESS\" > \"${SCRIPT_OUTPUT_FILE_0}\"\n";
			showEnvVarsInLog = 0;
		};
		CB54CD544BC1E0E17373C8B4 /* [CP] Check Pods Manifest.lock */ = {
			isa = PBXShellScriptBuildPhase;
			buildActionMask = 2147483647;
			files = (
			);
			inputPaths = (
				"${PODS_PODFILE_DIR_PATH}/Podfile.lock",
				"${PODS_ROOT}/Manifest.lock",
			);
			name = "[CP] Check Pods Manifest.lock";
			outputPaths = (
				"$(DERIVED_FILE_DIR)/Pods-CornerDemoTests-checkManifestLockResult.txt",
			);
			runOnlyForDeploymentPostprocessing = 0;
			shellPath = /bin/sh;
			shellScript = "diff \"${PODS_PODFILE_DIR_PATH}/Podfile.lock\" \"${PODS_ROOT}/Manifest.lock\" > /dev/null\nif [ $? != 0 ] ; then\n    # print error to STDERR\n    echo \"error: The sandbox is not in sync with the Podfile.lock. Run 'pod install' or update your CocoaPods installation.\" >&2\n    exit 1\nfi\n# This output is used by Xcode 'outputs' to avoid re-running this script phase.\necho \"SUCCESS\" > \"${SCRIPT_OUTPUT_FILE_0}\"\n";
			showEnvVarsInLog = 0;
		};
/* End PBXShellScriptBuildPhase section */

/* Begin PBXSourcesBuildPhase section */
		4D83F58C21414D380036FE28 /* Sources */ = {
			isa = PBXSourcesBuildPhase;
			buildActionMask = 2147483647;
			files = (
				4D83F5B9214156670036FE28 /* PanelView.swift in Sources */,
				4D83F5CB21416E0E0036FE28 /* HexColors.swift in Sources */,
				4D83F5BF214157D20036FE28 /* Enums.swift in Sources */,
				4DB5C6732147D6F200B71535 /* CalculateHelper.swift in Sources */,
				4D83F5C521415B190036FE28 /* RoundData.swift in Sources */,
				4D83F5C9214160C60036FE28 /* RoundViewModel.swift in Sources */,
				4DE0F16D2145024700C31B27 /* SlideOneView.swift in Sources */,
				4DC3E0FA2145CEEE00017F50 /* SideMenuTableViewController.swift in Sources */,
				4D83F59621414D380036FE28 /* ViewController.swift in Sources */,
				4DE0F177214506D700C31B27 /* SlideCollectionView.swift in Sources */,
				4D8005692143D813002044E5 /* Extensions.swift in Sources */,
				4DE0F1692144FA2A00C31B27 /* GraphView.swift in Sources */,
				4D77714D2146BF9300B9C26F /* PanelCollectionView.swift in Sources */,
				4DE0F16F2145025600C31B27 /* SlideTwoView.swift in Sources */,
				4DB5C6632147027400B71535 /* ObjectCache.swift in Sources */,
				4D80055F2143BE14002044E5 /* ToolbarView.swift in Sources */,
				4D83F59421414D380036FE28 /* AppDelegate.swift in Sources */,
				4D83F5C32141586B0036FE28 /* Round.swift in Sources */,
				4DB5C6652147A74D00B71535 /* PanelViewModel.swift in Sources */,
			);
			runOnlyForDeploymentPostprocessing = 0;
		};
		4D83F5A021414D3A0036FE28 /* Sources */ = {
			isa = PBXSourcesBuildPhase;
			buildActionMask = 2147483647;
			files = (
				4DB5C6692147AD1D00B71535 /* AveragingTests.swift in Sources */,
				4DB5C6702147ADC400B71535 /* RoundViewModel.swift in Sources */,
				4D83F5A921414D3A0036FE28 /* CornerDemoTests.swift in Sources */,
				4DB5C66B2147ADAC00B71535 /* RoundData.swift in Sources */,
				4DB5C66A2147AD9E00B71535 /* Enums.swift in Sources */,
				4DB5C6712147ADCA00B71535 /* HexColors.swift in Sources */,
				4DB5C66C2147ADB100B71535 /* Round.swift in Sources */,
				4D83F5C721415E030036FE28 /* HandPunchTests.swift in Sources */,
				4DB5C66D2147ADB500B71535 /* Extensions.swift in Sources */,
				4DB5C66E2147ADBC00B71535 /* ObjectCache.swift in Sources */,
				4DB5C66F2147ADC100B71535 /* PanelViewModel.swift in Sources */,
			);
			runOnlyForDeploymentPostprocessing = 0;
		};
/* End PBXSourcesBuildPhase section */

/* Begin PBXTargetDependency section */
		4D83F5A621414D3A0036FE28 /* PBXTargetDependency */ = {
			isa = PBXTargetDependency;
			target = 4D83F58F21414D380036FE28 /* CornerDemo */;
			targetProxy = 4D83F5A521414D3A0036FE28 /* PBXContainerItemProxy */;
		};
/* End PBXTargetDependency section */

/* Begin PBXVariantGroup section */
		4D83F59721414D380036FE28 /* Main.storyboard */ = {
			isa = PBXVariantGroup;
			children = (
				4D83F59821414D380036FE28 /* Base */,
			);
			name = Main.storyboard;
			sourceTree = "<group>";
		};
		4D83F59C21414D3A0036FE28 /* LaunchScreen.storyboard */ = {
			isa = PBXVariantGroup;
			children = (
				4D83F59D21414D3A0036FE28 /* Base */,
			);
			name = LaunchScreen.storyboard;
			sourceTree = "<group>";
		};
/* End PBXVariantGroup section */

/* Begin XCBuildConfiguration section */
		4D83F5AB21414D3A0036FE28 /* Debug */ = {
			isa = XCBuildConfiguration;
			buildSettings = {
				ALWAYS_SEARCH_USER_PATHS = NO;
				CLANG_ANALYZER_NONNULL = YES;
				CLANG_ANALYZER_NUMBER_OBJECT_CONVERSION = YES_AGGRESSIVE;
				CLANG_CXX_LANGUAGE_STANDARD = "gnu++14";
				CLANG_CXX_LIBRARY = "libc++";
				CLANG_ENABLE_MODULES = YES;
				CLANG_ENABLE_OBJC_ARC = YES;
				CLANG_ENABLE_OBJC_WEAK = YES;
				CLANG_WARN_BLOCK_CAPTURE_AUTORELEASING = YES;
				CLANG_WARN_BOOL_CONVERSION = YES;
				CLANG_WARN_COMMA = YES;
				CLANG_WARN_CONSTANT_CONVERSION = YES;
				CLANG_WARN_DEPRECATED_OBJC_IMPLEMENTATIONS = YES;
				CLANG_WARN_DIRECT_OBJC_ISA_USAGE = YES_ERROR;
				CLANG_WARN_DOCUMENTATION_COMMENTS = YES;
				CLANG_WARN_EMPTY_BODY = YES;
				CLANG_WARN_ENUM_CONVERSION = YES;
				CLANG_WARN_INFINITE_RECURSION = YES;
				CLANG_WARN_INT_CONVERSION = YES;
				CLANG_WARN_NON_LITERAL_NULL_CONVERSION = YES;
				CLANG_WARN_OBJC_IMPLICIT_RETAIN_SELF = YES;
				CLANG_WARN_OBJC_LITERAL_CONVERSION = YES;
				CLANG_WARN_OBJC_ROOT_CLASS = YES_ERROR;
				CLANG_WARN_RANGE_LOOP_ANALYSIS = YES;
				CLANG_WARN_STRICT_PROTOTYPES = YES;
				CLANG_WARN_SUSPICIOUS_MOVE = YES;
				CLANG_WARN_UNGUARDED_AVAILABILITY = YES_AGGRESSIVE;
				CLANG_WARN_UNREACHABLE_CODE = YES;
				CLANG_WARN__DUPLICATE_METHOD_MATCH = YES;
				CODE_SIGN_IDENTITY = "iPhone Developer";
				COPY_PHASE_STRIP = NO;
				DEBUG_INFORMATION_FORMAT = dwarf;
				ENABLE_STRICT_OBJC_MSGSEND = YES;
				ENABLE_TESTABILITY = YES;
				GCC_C_LANGUAGE_STANDARD = gnu11;
				GCC_DYNAMIC_NO_PIC = NO;
				GCC_NO_COMMON_BLOCKS = YES;
				GCC_OPTIMIZATION_LEVEL = 0;
				GCC_PREPROCESSOR_DEFINITIONS = (
					"DEBUG=1",
					"$(inherited)",
				);
				GCC_WARN_64_TO_32_BIT_CONVERSION = YES;
				GCC_WARN_ABOUT_RETURN_TYPE = YES_ERROR;
				GCC_WARN_UNDECLARED_SELECTOR = YES;
				GCC_WARN_UNINITIALIZED_AUTOS = YES_AGGRESSIVE;
				GCC_WARN_UNUSED_FUNCTION = YES;
				GCC_WARN_UNUSED_VARIABLE = YES;
				IPHONEOS_DEPLOYMENT_TARGET = 9.1;
				MTL_ENABLE_DEBUG_INFO = YES;
				ONLY_ACTIVE_ARCH = YES;
				SDKROOT = iphoneos;
				SWIFT_ACTIVE_COMPILATION_CONDITIONS = DEBUG;
				SWIFT_OPTIMIZATION_LEVEL = "-Onone";
			};
			name = Debug;
		};
		4D83F5AC21414D3A0036FE28 /* Release */ = {
			isa = XCBuildConfiguration;
			buildSettings = {
				ALWAYS_SEARCH_USER_PATHS = NO;
				CLANG_ANALYZER_NONNULL = YES;
				CLANG_ANALYZER_NUMBER_OBJECT_CONVERSION = YES_AGGRESSIVE;
				CLANG_CXX_LANGUAGE_STANDARD = "gnu++14";
				CLANG_CXX_LIBRARY = "libc++";
				CLANG_ENABLE_MODULES = YES;
				CLANG_ENABLE_OBJC_ARC = YES;
				CLANG_ENABLE_OBJC_WEAK = YES;
				CLANG_WARN_BLOCK_CAPTURE_AUTORELEASING = YES;
				CLANG_WARN_BOOL_CONVERSION = YES;
				CLANG_WARN_COMMA = YES;
				CLANG_WARN_CONSTANT_CONVERSION = YES;
				CLANG_WARN_DEPRECATED_OBJC_IMPLEMENTATIONS = YES;
				CLANG_WARN_DIRECT_OBJC_ISA_USAGE = YES_ERROR;
				CLANG_WARN_DOCUMENTATION_COMMENTS = YES;
				CLANG_WARN_EMPTY_BODY = YES;
				CLANG_WARN_ENUM_CONVERSION = YES;
				CLANG_WARN_INFINITE_RECURSION = YES;
				CLANG_WARN_INT_CONVERSION = YES;
				CLANG_WARN_NON_LITERAL_NULL_CONVERSION = YES;
				CLANG_WARN_OBJC_IMPLICIT_RETAIN_SELF = YES;
				CLANG_WARN_OBJC_LITERAL_CONVERSION = YES;
				CLANG_WARN_OBJC_ROOT_CLASS = YES_ERROR;
				CLANG_WARN_RANGE_LOOP_ANALYSIS = YES;
				CLANG_WARN_STRICT_PROTOTYPES = YES;
				CLANG_WARN_SUSPICIOUS_MOVE = YES;
				CLANG_WARN_UNGUARDED_AVAILABILITY = YES_AGGRESSIVE;
				CLANG_WARN_UNREACHABLE_CODE = YES;
				CLANG_WARN__DUPLICATE_METHOD_MATCH = YES;
				CODE_SIGN_IDENTITY = "iPhone Developer";
				COPY_PHASE_STRIP = NO;
				DEBUG_INFORMATION_FORMAT = "dwarf-with-dsym";
				ENABLE_NS_ASSERTIONS = NO;
				ENABLE_STRICT_OBJC_MSGSEND = YES;
				GCC_C_LANGUAGE_STANDARD = gnu11;
				GCC_NO_COMMON_BLOCKS = YES;
				GCC_WARN_64_TO_32_BIT_CONVERSION = YES;
				GCC_WARN_ABOUT_RETURN_TYPE = YES_ERROR;
				GCC_WARN_UNDECLARED_SELECTOR = YES;
				GCC_WARN_UNINITIALIZED_AUTOS = YES_AGGRESSIVE;
				GCC_WARN_UNUSED_FUNCTION = YES;
				GCC_WARN_UNUSED_VARIABLE = YES;
				IPHONEOS_DEPLOYMENT_TARGET = 9.1;
				MTL_ENABLE_DEBUG_INFO = NO;
				SDKROOT = iphoneos;
				SWIFT_COMPILATION_MODE = wholemodule;
				SWIFT_OPTIMIZATION_LEVEL = "-O";
				VALIDATE_PRODUCT = YES;
			};
			name = Release;
		};
		4D83F5AE21414D3A0036FE28 /* Debug */ = {
			isa = XCBuildConfiguration;
			baseConfigurationReference = 43B289F5B2D6D733F8886FB9 /* Pods-CornerDemo.debug.xcconfig */;
			buildSettings = {
				ASSETCATALOG_COMPILER_APPICON_NAME = AppIcon;
				CODE_SIGN_STYLE = Automatic;
				DEVELOPMENT_TEAM = A48R25Y4D5;
				INFOPLIST_FILE = CornerDemo/Info.plist;
				IPHONEOS_DEPLOYMENT_TARGET = 9.1;
				LD_RUNPATH_SEARCH_PATHS = (
					"$(inherited)",
					"@executable_path/Frameworks",
				);
				PRODUCT_BUNDLE_IDENTIFIER = uk.co.silentflute.CornerDemo;
				PRODUCT_NAME = "$(TARGET_NAME)";
				SWIFT_VERSION = 4.0;
				TARGETED_DEVICE_FAMILY = "1,2";
			};
			name = Debug;
		};
		4D83F5AF21414D3A0036FE28 /* Release */ = {
			isa = XCBuildConfiguration;
			baseConfigurationReference = 8DFB2CD3702892B0C03D0900 /* Pods-CornerDemo.release.xcconfig */;
			buildSettings = {
				ASSETCATALOG_COMPILER_APPICON_NAME = AppIcon;
				CODE_SIGN_STYLE = Automatic;
				DEVELOPMENT_TEAM = A48R25Y4D5;
				INFOPLIST_FILE = CornerDemo/Info.plist;
				IPHONEOS_DEPLOYMENT_TARGET = 9.1;
				LD_RUNPATH_SEARCH_PATHS = (
					"$(inherited)",
					"@executable_path/Frameworks",
				);
				PRODUCT_BUNDLE_IDENTIFIER = uk.co.silentflute.CornerDemo;
				PRODUCT_NAME = "$(TARGET_NAME)";
				SWIFT_VERSION = 4.0;
				TARGETED_DEVICE_FAMILY = "1,2";
			};
			name = Release;
		};
		4D83F5B121414D3A0036FE28 /* Debug */ = {
			isa = XCBuildConfiguration;
			baseConfigurationReference = 74358576FD31B1B6E7057895 /* Pods-CornerDemoTests.debug.xcconfig */;
			buildSettings = {
				ALWAYS_EMBED_SWIFT_STANDARD_LIBRARIES = YES;
				BUNDLE_LOADER = "$(TEST_HOST)";
				CODE_SIGN_STYLE = Automatic;
				DEVELOPMENT_TEAM = A48R25Y4D5;
				INFOPLIST_FILE = CornerDemoTests/Info.plist;
				LD_RUNPATH_SEARCH_PATHS = (
					"$(inherited)",
					"@executable_path/Frameworks",
					"@loader_path/Frameworks",
				);
				PRODUCT_BUNDLE_IDENTIFIER = uk.co.silentflute.CornerDemoTests;
				PRODUCT_NAME = "$(TARGET_NAME)";
				SWIFT_VERSION = 4.0;
				TARGETED_DEVICE_FAMILY = "1,2";
				TEST_HOST = "$(BUILT_PRODUCTS_DIR)/CornerDemo.app/CornerDemo";
			};
			name = Debug;
		};
		4D83F5B221414D3A0036FE28 /* Release */ = {
			isa = XCBuildConfiguration;
			baseConfigurationReference = 9AD58BB7336BE2621B6375A6 /* Pods-CornerDemoTests.release.xcconfig */;
			buildSettings = {
				ALWAYS_EMBED_SWIFT_STANDARD_LIBRARIES = YES;
				BUNDLE_LOADER = "$(TEST_HOST)";
				CODE_SIGN_STYLE = Automatic;
				DEVELOPMENT_TEAM = A48R25Y4D5;
				INFOPLIST_FILE = CornerDemoTests/Info.plist;
				LD_RUNPATH_SEARCH_PATHS = (
					"$(inherited)",
					"@executable_path/Frameworks",
					"@loader_path/Frameworks",
				);
				PRODUCT_BUNDLE_IDENTIFIER = uk.co.silentflute.CornerDemoTests;
				PRODUCT_NAME = "$(TARGET_NAME)";
				SWIFT_VERSION = 4.0;
				TARGETED_DEVICE_FAMILY = "1,2";
				TEST_HOST = "$(BUILT_PRODUCTS_DIR)/CornerDemo.app/CornerDemo";
			};
			name = Release;
		};
/* End XCBuildConfiguration section */

/* Begin XCConfigurationList section */
		4D83F58B21414D380036FE28 /* Build configuration list for PBXProject "CornerDemo" */ = {
			isa = XCConfigurationList;
			buildConfigurations = (
				4D83F5AB21414D3A0036FE28 /* Debug */,
				4D83F5AC21414D3A0036FE28 /* Release */,
			);
			defaultConfigurationIsVisible = 0;
			defaultConfigurationName = Release;
		};
		4D83F5AD21414D3A0036FE28 /* Build configuration list for PBXNativeTarget "CornerDemo" */ = {
			isa = XCConfigurationList;
			buildConfigurations = (
				4D83F5AE21414D3A0036FE28 /* Debug */,
				4D83F5AF21414D3A0036FE28 /* Release */,
			);
			defaultConfigurationIsVisible = 0;
			defaultConfigurationName = Release;
		};
		4D83F5B021414D3A0036FE28 /* Build configuration list for PBXNativeTarget "CornerDemoTests" */ = {
			isa = XCConfigurationList;
			buildConfigurations = (
				4D83F5B121414D3A0036FE28 /* Debug */,
				4D83F5B221414D3A0036FE28 /* Release */,
			);
			defaultConfigurationIsVisible = 0;
			defaultConfigurationName = Release;
		};
/* End XCConfigurationList section */
	};
	rootObject = 4D83F58821414D380036FE28 /* Project object */;
}
